// !$*UTF8*$!
{
	archiveVersion = 1;
	classes = {
	};
	objectVersion = 51;
	objects = {

/* Begin PBXBuildFile section */
		2C605EBF2712A817001F028A /* AppDelegate.swift in Sources */ = {isa = PBXBuildFile; fileRef = 2C605EBE2712A817001F028A /* AppDelegate.swift */; };
		2C605EC12712A817001F028A /* SceneDelegate.swift in Sources */ = {isa = PBXBuildFile; fileRef = 2C605EC02712A817001F028A /* SceneDelegate.swift */; };
		2C605EC82712A818001F028A /* Assets.xcassets in Resources */ = {isa = PBXBuildFile; fileRef = 2C605EC72712A818001F028A /* Assets.xcassets */; };
		2C605ECB2712A818001F028A /* LaunchScreen.storyboard in Resources */ = {isa = PBXBuildFile; fileRef = 2C605EC92712A818001F028A /* LaunchScreen.storyboard */; };
		2C605EF92712B417001F028A /* Module.swift in Sources */ = {isa = PBXBuildFile; fileRef = 2C605EF82712B417001F028A /* Module.swift */; };
		2C605EFB2712B426001F028A /* Wireframe.swift in Sources */ = {isa = PBXBuildFile; fileRef = 2C605EFA2712B426001F028A /* Wireframe.swift */; };
		2C605EFD2712B432001F028A /* Router.swift in Sources */ = {isa = PBXBuildFile; fileRef = 2C605EFC2712B432001F028A /* Router.swift */; };
		2C605EFF2712B43D001F028A /* Dependencies.swift in Sources */ = {isa = PBXBuildFile; fileRef = 2C605EFE2712B43D001F028A /* Dependencies.swift */; };
		2C605F032712B6EC001F028A /* UIColor+Extensions.swift in Sources */ = {isa = PBXBuildFile; fileRef = 2C605F022712B6EC001F028A /* UIColor+Extensions.swift */; };
		2C605F052712B8B5001F028A /* Reachability.swift in Sources */ = {isa = PBXBuildFile; fileRef = 2C605F042712B8B5001F028A /* Reachability.swift */; };
		2C605F072712BB2F001F028A /* NetworkManager.swift in Sources */ = {isa = PBXBuildFile; fileRef = 2C605F062712BB2F001F028A /* NetworkManager.swift */; };
		2C605F092712BB3B001F028A /* NetworkingProtocols.swift in Sources */ = {isa = PBXBuildFile; fileRef = 2C605F082712BB3B001F028A /* NetworkingProtocols.swift */; };
		2C605F0B2712BB48001F028A /* JSONKeySnakeCaseDecoder.swift in Sources */ = {isa = PBXBuildFile; fileRef = 2C605F0A2712BB48001F028A /* JSONKeySnakeCaseDecoder.swift */; };
		2C605F0D2712BB54001F028A /* APIError.swift in Sources */ = {isa = PBXBuildFile; fileRef = 2C605F0C2712BB54001F028A /* APIError.swift */; };
		2C605F0F2712BB64001F028A /* APIEndPoint.swift in Sources */ = {isa = PBXBuildFile; fileRef = 2C605F0E2712BB64001F028A /* APIEndPoint.swift */; };
		2C605F122712C463001F028A /* CarService.swift in Sources */ = {isa = PBXBuildFile; fileRef = 2C605F112712C463001F028A /* CarService.swift */; };
		2C605F142712C485001F028A /* CarRequest.swift in Sources */ = {isa = PBXBuildFile; fileRef = 2C605F132712C485001F028A /* CarRequest.swift */; };
		2C605F162712C498001F028A /* CarResponseModel.swift in Sources */ = {isa = PBXBuildFile; fileRef = 2C605F152712C498001F028A /* CarResponseModel.swift */; };
		2C605F1B27130A01001F028A /* CarListViewController.swift in Sources */ = {isa = PBXBuildFile; fileRef = 2C605F1A27130A01001F028A /* CarListViewController.swift */; };
		2C605F1D27130A18001F028A /* CarListModule.swift in Sources */ = {isa = PBXBuildFile; fileRef = 2C605F1C27130A18001F028A /* CarListModule.swift */; };
		2C605F1F27130A32001F028A /* CarListPresenter.swift in Sources */ = {isa = PBXBuildFile; fileRef = 2C605F1E27130A32001F028A /* CarListPresenter.swift */; };
		2C605F2127130A41001F028A /* CarListInteractor.swift in Sources */ = {isa = PBXBuildFile; fileRef = 2C605F2027130A41001F028A /* CarListInteractor.swift */; };
		2C605F2327130A5B001F028A /* CarListWireframe.swift in Sources */ = {isa = PBXBuildFile; fileRef = 2C605F2227130A5B001F028A /* CarListWireframe.swift */; };
		2C605F2527130E49001F028A /* UIView+Extensions.swift in Sources */ = {isa = PBXBuildFile; fileRef = 2C605F2427130E49001F028A /* UIView+Extensions.swift */; };
		2C605F2727130F0E001F028A /* CarListProtocols.swift in Sources */ = {isa = PBXBuildFile; fileRef = 2C605F2627130F0E001F028A /* CarListProtocols.swift */; };
		2C605F2927131027001F028A /* Interactor.swift in Sources */ = {isa = PBXBuildFile; fileRef = 2C605F2827131027001F028A /* Interactor.swift */; };
		2C605F2B27131B59001F028A /* CarListTableCell.swift in Sources */ = {isa = PBXBuildFile; fileRef = 2C605F2A27131B59001F028A /* CarListTableCell.swift */; };
		2C605F2D27131B6C001F028A /* BaseTableCell.swift in Sources */ = {isa = PBXBuildFile; fileRef = 2C605F2C27131B6C001F028A /* BaseTableCell.swift */; };
		2C605F2F2713F329001F028A /* CarCellViewModels.swift in Sources */ = {isa = PBXBuildFile; fileRef = 2C605F2E2713F329001F028A /* CarCellViewModels.swift */; };
		2C605F312713F696001F028A /* Collection+Extensions.swift in Sources */ = {isa = PBXBuildFile; fileRef = 2C605F302713F696001F028A /* Collection+Extensions.swift */; };
		2C829E132714980700FCCC35 /* SeparatorTableCell.swift in Sources */ = {isa = PBXBuildFile; fileRef = 2C829E122714980700FCCC35 /* SeparatorTableCell.swift */; };
		2C829E172714A95E00FCCC35 /* MapListViewController.swift in Sources */ = {isa = PBXBuildFile; fileRef = 2C829E162714A95E00FCCC35 /* MapListViewController.swift */; };
		2C829E192714A96D00FCCC35 /* MapListPresenter.swift in Sources */ = {isa = PBXBuildFile; fileRef = 2C829E182714A96D00FCCC35 /* MapListPresenter.swift */; };
		2C829E1B2714A97A00FCCC35 /* MapListInteractor.swift in Sources */ = {isa = PBXBuildFile; fileRef = 2C829E1A2714A97A00FCCC35 /* MapListInteractor.swift */; };
		2C829E1D2714A98800FCCC35 /* MapListWireframe.swift in Sources */ = {isa = PBXBuildFile; fileRef = 2C829E1C2714A98800FCCC35 /* MapListWireframe.swift */; };
		2C829E1F2714A9CD00FCCC35 /* MapListModule.swift in Sources */ = {isa = PBXBuildFile; fileRef = 2C829E1E2714A9CD00FCCC35 /* MapListModule.swift */; };
		2C829E212714A9E700FCCC35 /* MapListProtocols.swift in Sources */ = {isa = PBXBuildFile; fileRef = 2C829E202714A9E700FCCC35 /* MapListProtocols.swift */; };
		2C8C57E82716F7B0000B69BC /* MockReachability.swift in Sources */ = {isa = PBXBuildFile; fileRef = 2C8C57E72716F7B0000B69BC /* MockReachability.swift */; };
		2C8C57EA2716F896000B69BC /* NetworkManagerMock.swift in Sources */ = {isa = PBXBuildFile; fileRef = 2C8C57E92716F896000B69BC /* NetworkManagerMock.swift */; };
		2C8C57ED2716FA3A000B69BC /* carInvalid.json in Resources */ = {isa = PBXBuildFile; fileRef = 2C8C57EB2716FA3A000B69BC /* carInvalid.json */; };
		2C8C57EE2716FA3A000B69BC /* carValid.json in Resources */ = {isa = PBXBuildFile; fileRef = 2C8C57EC2716FA3A000B69BC /* carValid.json */; };
		2C8C57F02716FE96000B69BC /* MockMapListViewController.swift in Sources */ = {isa = PBXBuildFile; fileRef = 2C8C57EF2716FE96000B69BC /* MockMapListViewController.swift */; };
		2C8C57F22716FEAD000B69BC /* MockMapListInteractor.swift in Sources */ = {isa = PBXBuildFile; fileRef = 2C8C57F12716FEAD000B69BC /* MockMapListInteractor.swift */; };
		2C8C57F42716FED1000B69BC /* MockMapListWireframe.swift in Sources */ = {isa = PBXBuildFile; fileRef = 2C8C57F32716FED1000B69BC /* MockMapListWireframe.swift */; };
		2C8C57F727170240000B69BC /* MapListPresenterTests.swift in Sources */ = {isa = PBXBuildFile; fileRef = 2C8C57F627170240000B69BC /* MapListPresenterTests.swift */; };
		2C8C57F927170CD8000B69BC /* MockCarListViewController.swift in Sources */ = {isa = PBXBuildFile; fileRef = 2C8C57F827170CD8000B69BC /* MockCarListViewController.swift */; };
		2C8C57FB27170CEC000B69BC /* MockCarListInteractor.swift in Sources */ = {isa = PBXBuildFile; fileRef = 2C8C57FA27170CEC000B69BC /* MockCarListInteractor.swift */; };
		2C8C57FD27170CF7000B69BC /* MockCarListWireframe.swift in Sources */ = {isa = PBXBuildFile; fileRef = 2C8C57FC27170CF7000B69BC /* MockCarListWireframe.swift */; };
		2C8C57FF27170F1A000B69BC /* CarListPresenterTests.swift in Sources */ = {isa = PBXBuildFile; fileRef = 2C8C57FE27170F1A000B69BC /* CarListPresenterTests.swift */; };
		2C8C5801271714FE000B69BC /* MapListModuleTests.swift in Sources */ = {isa = PBXBuildFile; fileRef = 2C8C5800271714FE000B69BC /* MapListModuleTests.swift */; };
		2C8C58032717150C000B69BC /* CarListModuleTests.swift in Sources */ = {isa = PBXBuildFile; fileRef = 2C8C58022717150C000B69BC /* CarListModuleTests.swift */; };
		2CB9692227159BCD00BDA13F /* CarAnnotaion.swift in Sources */ = {isa = PBXBuildFile; fileRef = 2CB9692127159BCD00BDA13F /* CarAnnotaion.swift */; };
		2CB969242715ADEF00BDA13F /* MKMapView+Extensions.swift in Sources */ = {isa = PBXBuildFile; fileRef = 2CB969232715ADEF00BDA13F /* MKMapView+Extensions.swift */; };
		2CB969272715EEEF00BDA13F /* SelectedCarView.swift in Sources */ = {isa = PBXBuildFile; fileRef = 2CB969262715EEEF00BDA13F /* SelectedCarView.swift */; };
		2CB969292715EF4A00BDA13F /* BaseView.swift in Sources */ = {isa = PBXBuildFile; fileRef = 2CB969282715EF4A00BDA13F /* BaseView.swift */; };
		2CB9692B27160B9700BDA13F /* CarInfoView.swift in Sources */ = {isa = PBXBuildFile; fileRef = 2CB9692A27160B9700BDA13F /* CarInfoView.swift */; };
		2CB9692E2716848100BDA13F /* CarListingAssets.swift in Sources */ = {isa = PBXBuildFile; fileRef = 2CB9692D2716848100BDA13F /* CarListingAssets.swift */; };
		2CB96931271686E300BDA13F /* SelectedCarViewModel.swift in Sources */ = {isa = PBXBuildFile; fileRef = 2CB96930271686E300BDA13F /* SelectedCarViewModel.swift */; };
		2CB969332716922900BDA13F /* FloatingButtonView.swift in Sources */ = {isa = PBXBuildFile; fileRef = 2CB969322716922900BDA13F /* FloatingButtonView.swift */; };
		2CB969352716B98D00BDA13F /* Float+Extensions.swift in Sources */ = {isa = PBXBuildFile; fileRef = 2CB969342716B98D00BDA13F /* Float+Extensions.swift */; };
		2CB969382716D95C00BDA13F /* CarListingBannerView.swift in Sources */ = {isa = PBXBuildFile; fileRef = 2CB969372716D95C00BDA13F /* CarListingBannerView.swift */; };
		2CB9693A2716DDA300BDA13F /* CarListingBannerViewModel.swift in Sources */ = {isa = PBXBuildFile; fileRef = 2CB969392716DDA300BDA13F /* CarListingBannerViewModel.swift */; };
		2CB9693E2716E5C100BDA13F /* DispatchQueue+MainThread.swift in Sources */ = {isa = PBXBuildFile; fileRef = 2CB9693D2716E5C100BDA13F /* DispatchQueue+MainThread.swift */; };
		2CB969472716E76900BDA13F /* CarServiceTests.swift in Sources */ = {isa = PBXBuildFile; fileRef = 2CB969462716E76900BDA13F /* CarServiceTests.swift */; };
		ADC0CD50E6D2CC367027BAA2 /* Pods_CarListing.framework in Frameworks */ = {isa = PBXBuildFile; fileRef = A8D383BA3E13AAE5AFF2DC8B /* Pods_CarListing.framework */; };
		F6DC032880DB41BC6AAEDD36 /* Pods_CarListingTests.framework in Frameworks */ = {isa = PBXBuildFile; fileRef = 7B473E05BD0B8B85104A52BA /* Pods_CarListingTests.framework */; };
/* End PBXBuildFile section */

/* Begin PBXContainerItemProxy section */
		2C605ED22712A818001F028A /* PBXContainerItemProxy */ = {
			isa = PBXContainerItemProxy;
			containerPortal = 2C605EB32712A817001F028A /* Project object */;
			proxyType = 1;
			remoteGlobalIDString = 2C605EBA2712A817001F028A;
			remoteInfo = CarListing;
		};
/* End PBXContainerItemProxy section */

/* Begin PBXFileReference section */
		1B9418A700DB84EAEBDC73FF /* Pods-CarListing-CarListingUITests.release.xcconfig */ = {isa = PBXFileReference; includeInIndex = 1; lastKnownFileType = text.xcconfig; name = "Pods-CarListing-CarListingUITests.release.xcconfig"; path = "Target Support Files/Pods-CarListing-CarListingUITests/Pods-CarListing-CarListingUITests.release.xcconfig"; sourceTree = "<group>"; };
		1BB47853352EB3981259F6BC /* Pods-CarListing-CarListingUITests.debug.xcconfig */ = {isa = PBXFileReference; includeInIndex = 1; lastKnownFileType = text.xcconfig; name = "Pods-CarListing-CarListingUITests.debug.xcconfig"; path = "Target Support Files/Pods-CarListing-CarListingUITests/Pods-CarListing-CarListingUITests.debug.xcconfig"; sourceTree = "<group>"; };
		2C605EBB2712A817001F028A /* CarListing.app */ = {isa = PBXFileReference; explicitFileType = wrapper.application; includeInIndex = 0; path = CarListing.app; sourceTree = BUILT_PRODUCTS_DIR; };
		2C605EBE2712A817001F028A /* AppDelegate.swift */ = {isa = PBXFileReference; lastKnownFileType = sourcecode.swift; path = AppDelegate.swift; sourceTree = "<group>"; };
		2C605EC02712A817001F028A /* SceneDelegate.swift */ = {isa = PBXFileReference; lastKnownFileType = sourcecode.swift; path = SceneDelegate.swift; sourceTree = "<group>"; };
		2C605EC72712A818001F028A /* Assets.xcassets */ = {isa = PBXFileReference; lastKnownFileType = folder.assetcatalog; path = Assets.xcassets; sourceTree = "<group>"; };
		2C605ECA2712A818001F028A /* Base */ = {isa = PBXFileReference; lastKnownFileType = file.storyboard; name = Base; path = Base.lproj/LaunchScreen.storyboard; sourceTree = "<group>"; };
		2C605ECC2712A818001F028A /* Info.plist */ = {isa = PBXFileReference; lastKnownFileType = text.plist.xml; path = Info.plist; sourceTree = "<group>"; };
		2C605ED12712A818001F028A /* CarListingTests.xctest */ = {isa = PBXFileReference; explicitFileType = wrapper.cfbundle; includeInIndex = 0; path = CarListingTests.xctest; sourceTree = BUILT_PRODUCTS_DIR; };
		2C605ED72712A818001F028A /* Info.plist */ = {isa = PBXFileReference; lastKnownFileType = text.plist.xml; path = Info.plist; sourceTree = "<group>"; };
		2C605EF82712B417001F028A /* Module.swift */ = {isa = PBXFileReference; lastKnownFileType = sourcecode.swift; path = Module.swift; sourceTree = "<group>"; };
		2C605EFA2712B426001F028A /* Wireframe.swift */ = {isa = PBXFileReference; lastKnownFileType = sourcecode.swift; path = Wireframe.swift; sourceTree = "<group>"; };
		2C605EFC2712B432001F028A /* Router.swift */ = {isa = PBXFileReference; lastKnownFileType = sourcecode.swift; path = Router.swift; sourceTree = "<group>"; };
		2C605EFE2712B43D001F028A /* Dependencies.swift */ = {isa = PBXFileReference; lastKnownFileType = sourcecode.swift; path = Dependencies.swift; sourceTree = "<group>"; };
		2C605F022712B6EC001F028A /* UIColor+Extensions.swift */ = {isa = PBXFileReference; lastKnownFileType = sourcecode.swift; path = "UIColor+Extensions.swift"; sourceTree = "<group>"; };
		2C605F042712B8B5001F028A /* Reachability.swift */ = {isa = PBXFileReference; lastKnownFileType = sourcecode.swift; path = Reachability.swift; sourceTree = "<group>"; };
		2C605F062712BB2F001F028A /* NetworkManager.swift */ = {isa = PBXFileReference; lastKnownFileType = sourcecode.swift; path = NetworkManager.swift; sourceTree = "<group>"; };
		2C605F082712BB3B001F028A /* NetworkingProtocols.swift */ = {isa = PBXFileReference; lastKnownFileType = sourcecode.swift; path = NetworkingProtocols.swift; sourceTree = "<group>"; };
		2C605F0A2712BB48001F028A /* JSONKeySnakeCaseDecoder.swift */ = {isa = PBXFileReference; lastKnownFileType = sourcecode.swift; path = JSONKeySnakeCaseDecoder.swift; sourceTree = "<group>"; };
		2C605F0C2712BB54001F028A /* APIError.swift */ = {isa = PBXFileReference; lastKnownFileType = sourcecode.swift; path = APIError.swift; sourceTree = "<group>"; };
		2C605F0E2712BB64001F028A /* APIEndPoint.swift */ = {isa = PBXFileReference; lastKnownFileType = sourcecode.swift; path = APIEndPoint.swift; sourceTree = "<group>"; };
		2C605F112712C463001F028A /* CarService.swift */ = {isa = PBXFileReference; lastKnownFileType = sourcecode.swift; path = CarService.swift; sourceTree = "<group>"; };
		2C605F132712C485001F028A /* CarRequest.swift */ = {isa = PBXFileReference; lastKnownFileType = sourcecode.swift; path = CarRequest.swift; sourceTree = "<group>"; };
		2C605F152712C498001F028A /* CarResponseModel.swift */ = {isa = PBXFileReference; lastKnownFileType = sourcecode.swift; path = CarResponseModel.swift; sourceTree = "<group>"; };
		2C605F1A27130A01001F028A /* CarListViewController.swift */ = {isa = PBXFileReference; lastKnownFileType = sourcecode.swift; path = CarListViewController.swift; sourceTree = "<group>"; };
		2C605F1C27130A18001F028A /* CarListModule.swift */ = {isa = PBXFileReference; lastKnownFileType = sourcecode.swift; path = CarListModule.swift; sourceTree = "<group>"; };
		2C605F1E27130A32001F028A /* CarListPresenter.swift */ = {isa = PBXFileReference; lastKnownFileType = sourcecode.swift; path = CarListPresenter.swift; sourceTree = "<group>"; };
		2C605F2027130A41001F028A /* CarListInteractor.swift */ = {isa = PBXFileReference; lastKnownFileType = sourcecode.swift; path = CarListInteractor.swift; sourceTree = "<group>"; };
		2C605F2227130A5B001F028A /* CarListWireframe.swift */ = {isa = PBXFileReference; lastKnownFileType = sourcecode.swift; path = CarListWireframe.swift; sourceTree = "<group>"; };
		2C605F2427130E49001F028A /* UIView+Extensions.swift */ = {isa = PBXFileReference; lastKnownFileType = sourcecode.swift; path = "UIView+Extensions.swift"; sourceTree = "<group>"; };
		2C605F2627130F0E001F028A /* CarListProtocols.swift */ = {isa = PBXFileReference; lastKnownFileType = sourcecode.swift; path = CarListProtocols.swift; sourceTree = "<group>"; };
		2C605F2827131027001F028A /* Interactor.swift */ = {isa = PBXFileReference; lastKnownFileType = sourcecode.swift; path = Interactor.swift; sourceTree = "<group>"; };
		2C605F2A27131B59001F028A /* CarListTableCell.swift */ = {isa = PBXFileReference; lastKnownFileType = sourcecode.swift; path = CarListTableCell.swift; sourceTree = "<group>"; };
		2C605F2C27131B6C001F028A /* BaseTableCell.swift */ = {isa = PBXFileReference; lastKnownFileType = sourcecode.swift; path = BaseTableCell.swift; sourceTree = "<group>"; };
		2C605F2E2713F329001F028A /* CarCellViewModels.swift */ = {isa = PBXFileReference; lastKnownFileType = sourcecode.swift; path = CarCellViewModels.swift; sourceTree = "<group>"; };
		2C605F302713F696001F028A /* Collection+Extensions.swift */ = {isa = PBXFileReference; lastKnownFileType = sourcecode.swift; path = "Collection+Extensions.swift"; sourceTree = "<group>"; };
		2C829E122714980700FCCC35 /* SeparatorTableCell.swift */ = {isa = PBXFileReference; lastKnownFileType = sourcecode.swift; path = SeparatorTableCell.swift; sourceTree = "<group>"; };
		2C829E162714A95E00FCCC35 /* MapListViewController.swift */ = {isa = PBXFileReference; lastKnownFileType = sourcecode.swift; path = MapListViewController.swift; sourceTree = "<group>"; };
		2C829E182714A96D00FCCC35 /* MapListPresenter.swift */ = {isa = PBXFileReference; lastKnownFileType = sourcecode.swift; path = MapListPresenter.swift; sourceTree = "<group>"; };
		2C829E1A2714A97A00FCCC35 /* MapListInteractor.swift */ = {isa = PBXFileReference; lastKnownFileType = sourcecode.swift; path = MapListInteractor.swift; sourceTree = "<group>"; };
		2C829E1C2714A98800FCCC35 /* MapListWireframe.swift */ = {isa = PBXFileReference; lastKnownFileType = sourcecode.swift; path = MapListWireframe.swift; sourceTree = "<group>"; };
		2C829E1E2714A9CD00FCCC35 /* MapListModule.swift */ = {isa = PBXFileReference; lastKnownFileType = sourcecode.swift; path = MapListModule.swift; sourceTree = "<group>"; };
		2C829E202714A9E700FCCC35 /* MapListProtocols.swift */ = {isa = PBXFileReference; lastKnownFileType = sourcecode.swift; path = MapListProtocols.swift; sourceTree = "<group>"; };
		2C8C57E72716F7B0000B69BC /* MockReachability.swift */ = {isa = PBXFileReference; lastKnownFileType = sourcecode.swift; path = MockReachability.swift; sourceTree = "<group>"; };
		2C8C57E92716F896000B69BC /* NetworkManagerMock.swift */ = {isa = PBXFileReference; lastKnownFileType = sourcecode.swift; path = NetworkManagerMock.swift; sourceTree = "<group>"; };
		2C8C57EB2716FA3A000B69BC /* carInvalid.json */ = {isa = PBXFileReference; fileEncoding = 4; lastKnownFileType = text.json; path = carInvalid.json; sourceTree = "<group>"; };
		2C8C57EC2716FA3A000B69BC /* carValid.json */ = {isa = PBXFileReference; fileEncoding = 4; lastKnownFileType = text.json; path = carValid.json; sourceTree = "<group>"; };
		2C8C57EF2716FE96000B69BC /* MockMapListViewController.swift */ = {isa = PBXFileReference; lastKnownFileType = sourcecode.swift; path = MockMapListViewController.swift; sourceTree = "<group>"; };
		2C8C57F12716FEAD000B69BC /* MockMapListInteractor.swift */ = {isa = PBXFileReference; lastKnownFileType = sourcecode.swift; path = MockMapListInteractor.swift; sourceTree = "<group>"; };
		2C8C57F32716FED1000B69BC /* MockMapListWireframe.swift */ = {isa = PBXFileReference; lastKnownFileType = sourcecode.swift; path = MockMapListWireframe.swift; sourceTree = "<group>"; };
		2C8C57F627170240000B69BC /* MapListPresenterTests.swift */ = {isa = PBXFileReference; lastKnownFileType = sourcecode.swift; path = MapListPresenterTests.swift; sourceTree = "<group>"; };
		2C8C57F827170CD8000B69BC /* MockCarListViewController.swift */ = {isa = PBXFileReference; lastKnownFileType = sourcecode.swift; path = MockCarListViewController.swift; sourceTree = "<group>"; };
		2C8C57FA27170CEC000B69BC /* MockCarListInteractor.swift */ = {isa = PBXFileReference; lastKnownFileType = sourcecode.swift; path = MockCarListInteractor.swift; sourceTree = "<group>"; };
		2C8C57FC27170CF7000B69BC /* MockCarListWireframe.swift */ = {isa = PBXFileReference; lastKnownFileType = sourcecode.swift; path = MockCarListWireframe.swift; sourceTree = "<group>"; };
		2C8C57FE27170F1A000B69BC /* CarListPresenterTests.swift */ = {isa = PBXFileReference; lastKnownFileType = sourcecode.swift; path = CarListPresenterTests.swift; sourceTree = "<group>"; };
		2C8C5800271714FE000B69BC /* MapListModuleTests.swift */ = {isa = PBXFileReference; lastKnownFileType = sourcecode.swift; path = MapListModuleTests.swift; sourceTree = "<group>"; };
		2C8C58022717150C000B69BC /* CarListModuleTests.swift */ = {isa = PBXFileReference; lastKnownFileType = sourcecode.swift; path = CarListModuleTests.swift; sourceTree = "<group>"; };
		2CB9692127159BCD00BDA13F /* CarAnnotaion.swift */ = {isa = PBXFileReference; lastKnownFileType = sourcecode.swift; path = CarAnnotaion.swift; sourceTree = "<group>"; };
		2CB969232715ADEF00BDA13F /* MKMapView+Extensions.swift */ = {isa = PBXFileReference; lastKnownFileType = sourcecode.swift; path = "MKMapView+Extensions.swift"; sourceTree = "<group>"; };
		2CB969262715EEEF00BDA13F /* SelectedCarView.swift */ = {isa = PBXFileReference; lastKnownFileType = sourcecode.swift; path = SelectedCarView.swift; sourceTree = "<group>"; };
		2CB969282715EF4A00BDA13F /* BaseView.swift */ = {isa = PBXFileReference; lastKnownFileType = sourcecode.swift; path = BaseView.swift; sourceTree = "<group>"; };
		2CB9692A27160B9700BDA13F /* CarInfoView.swift */ = {isa = PBXFileReference; lastKnownFileType = sourcecode.swift; path = CarInfoView.swift; sourceTree = "<group>"; };
		2CB9692D2716848100BDA13F /* CarListingAssets.swift */ = {isa = PBXFileReference; lastKnownFileType = sourcecode.swift; path = CarListingAssets.swift; sourceTree = "<group>"; };
		2CB96930271686E300BDA13F /* SelectedCarViewModel.swift */ = {isa = PBXFileReference; lastKnownFileType = sourcecode.swift; path = SelectedCarViewModel.swift; sourceTree = "<group>"; };
		2CB969322716922900BDA13F /* FloatingButtonView.swift */ = {isa = PBXFileReference; lastKnownFileType = sourcecode.swift; path = FloatingButtonView.swift; sourceTree = "<group>"; };
		2CB969342716B98D00BDA13F /* Float+Extensions.swift */ = {isa = PBXFileReference; lastKnownFileType = sourcecode.swift; path = "Float+Extensions.swift"; sourceTree = "<group>"; };
		2CB969372716D95C00BDA13F /* CarListingBannerView.swift */ = {isa = PBXFileReference; lastKnownFileType = sourcecode.swift; path = CarListingBannerView.swift; sourceTree = "<group>"; };
		2CB969392716DDA300BDA13F /* CarListingBannerViewModel.swift */ = {isa = PBXFileReference; lastKnownFileType = sourcecode.swift; path = CarListingBannerViewModel.swift; sourceTree = "<group>"; };
		2CB9693D2716E5C100BDA13F /* DispatchQueue+MainThread.swift */ = {isa = PBXFileReference; lastKnownFileType = sourcecode.swift; path = "DispatchQueue+MainThread.swift"; sourceTree = "<group>"; };
		2CB969462716E76900BDA13F /* CarServiceTests.swift */ = {isa = PBXFileReference; lastKnownFileType = sourcecode.swift; path = CarServiceTests.swift; sourceTree = "<group>"; };
		5311AF7B9C5109276DDF52C8 /* Pods_CarListing_CarListingUITests.framework */ = {isa = PBXFileReference; explicitFileType = wrapper.framework; includeInIndex = 0; path = Pods_CarListing_CarListingUITests.framework; sourceTree = BUILT_PRODUCTS_DIR; };
		5C1AE97462E2B9B289F52D3C /* Pods-CarListing.release.xcconfig */ = {isa = PBXFileReference; includeInIndex = 1; lastKnownFileType = text.xcconfig; name = "Pods-CarListing.release.xcconfig"; path = "Target Support Files/Pods-CarListing/Pods-CarListing.release.xcconfig"; sourceTree = "<group>"; };
		7B473E05BD0B8B85104A52BA /* Pods_CarListingTests.framework */ = {isa = PBXFileReference; explicitFileType = wrapper.framework; includeInIndex = 0; path = Pods_CarListingTests.framework; sourceTree = BUILT_PRODUCTS_DIR; };
		A75F3211AD997480DCFF23E4 /* Pods-CarListingTests.debug.xcconfig */ = {isa = PBXFileReference; includeInIndex = 1; lastKnownFileType = text.xcconfig; name = "Pods-CarListingTests.debug.xcconfig"; path = "Target Support Files/Pods-CarListingTests/Pods-CarListingTests.debug.xcconfig"; sourceTree = "<group>"; };
		A8D383BA3E13AAE5AFF2DC8B /* Pods_CarListing.framework */ = {isa = PBXFileReference; explicitFileType = wrapper.framework; includeInIndex = 0; path = Pods_CarListing.framework; sourceTree = BUILT_PRODUCTS_DIR; };
		EFC6F96A06258C50EF5BA13B /* Pods-CarListingTests.release.xcconfig */ = {isa = PBXFileReference; includeInIndex = 1; lastKnownFileType = text.xcconfig; name = "Pods-CarListingTests.release.xcconfig"; path = "Target Support Files/Pods-CarListingTests/Pods-CarListingTests.release.xcconfig"; sourceTree = "<group>"; };
		FC24DECA75BBAA0D21C90BBA /* Pods-CarListing.debug.xcconfig */ = {isa = PBXFileReference; includeInIndex = 1; lastKnownFileType = text.xcconfig; name = "Pods-CarListing.debug.xcconfig"; path = "Target Support Files/Pods-CarListing/Pods-CarListing.debug.xcconfig"; sourceTree = "<group>"; };
/* End PBXFileReference section */

/* Begin PBXFrameworksBuildPhase section */
		2C605EB82712A817001F028A /* Frameworks */ = {
			isa = PBXFrameworksBuildPhase;
			buildActionMask = 2147483647;
			files = (
				ADC0CD50E6D2CC367027BAA2 /* Pods_CarListing.framework in Frameworks */,
			);
			runOnlyForDeploymentPostprocessing = 0;
		};
		2C605ECE2712A818001F028A /* Frameworks */ = {
			isa = PBXFrameworksBuildPhase;
			buildActionMask = 2147483647;
			files = (
				F6DC032880DB41BC6AAEDD36 /* Pods_CarListingTests.framework in Frameworks */,
			);
			runOnlyForDeploymentPostprocessing = 0;
		};
/* End PBXFrameworksBuildPhase section */

/* Begin PBXGroup section */
		0D3A3774B83E351C591A6C72 /* Frameworks */ = {
			isa = PBXGroup;
			children = (
				A8D383BA3E13AAE5AFF2DC8B /* Pods_CarListing.framework */,
				5311AF7B9C5109276DDF52C8 /* Pods_CarListing_CarListingUITests.framework */,
				7B473E05BD0B8B85104A52BA /* Pods_CarListingTests.framework */,
			);
			name = Frameworks;
			sourceTree = "<group>";
		};
		2C605EB22712A817001F028A = {
			isa = PBXGroup;
			children = (
				2C605EBD2712A817001F028A /* CarListing */,
				2C605ED42712A818001F028A /* CarListingTests */,
				2C605EBC2712A817001F028A /* Products */,
				8A2F0CC8CB619739D0D40A83 /* Pods */,
				0D3A3774B83E351C591A6C72 /* Frameworks */,
			);
			sourceTree = "<group>";
		};
		2C605EBC2712A817001F028A /* Products */ = {
			isa = PBXGroup;
			children = (
				2C605EBB2712A817001F028A /* CarListing.app */,
				2C605ED12712A818001F028A /* CarListingTests.xctest */,
			);
			name = Products;
			sourceTree = "<group>";
		};
		2C605EBD2712A817001F028A /* CarListing */ = {
			isa = PBXGroup;
			children = (
				2C605EF32712AEA2001F028A /* Base */,
				2C605EF52712B2E8001F028A /* Features */,
				2C605F102712C258001F028A /* Service */,
				2C605EF72712B2FB001F028A /* Networking */,
				2C605EF62712B2EE001F028A /* Extensions */,
				2C605EF42712B2E1001F028A /* Common */,
				2C605EBE2712A817001F028A /* AppDelegate.swift */,
				2C605EC02712A817001F028A /* SceneDelegate.swift */,
				2C605EC72712A818001F028A /* Assets.xcassets */,
				2C605EC92712A818001F028A /* LaunchScreen.storyboard */,
				2C605ECC2712A818001F028A /* Info.plist */,
			);
			path = CarListing;
			sourceTree = "<group>";
		};
		2C605ED42712A818001F028A /* CarListingTests */ = {
			isa = PBXGroup;
			children = (
				2CB9693F2716E69E00BDA13F /* Mocks */,
				2CB969402716E6A400BDA13F /* Service Tests */,
				2C8C57F527170229000B69BC /* Presenter Tests */,
				2CB969412716E6B200BDA13F /* Module Tests */,
				2C605ED72712A818001F028A /* Info.plist */,
			);
			path = CarListingTests;
			sourceTree = "<group>";
		};
		2C605EF32712AEA2001F028A /* Base */ = {
			isa = PBXGroup;
			children = (
				2C605EF82712B417001F028A /* Module.swift */,
				2C605EFA2712B426001F028A /* Wireframe.swift */,
				2C605EFC2712B432001F028A /* Router.swift */,
				2C605EFE2712B43D001F028A /* Dependencies.swift */,
				2C605F2827131027001F028A /* Interactor.swift */,
				2C605F2C27131B6C001F028A /* BaseTableCell.swift */,
				2CB969282715EF4A00BDA13F /* BaseView.swift */,
			);
			path = Base;
			sourceTree = "<group>";
		};
		2C605EF42712B2E1001F028A /* Common */ = {
			isa = PBXGroup;
			children = (
				2C605F042712B8B5001F028A /* Reachability.swift */,
				2CB9692D2716848100BDA13F /* CarListingAssets.swift */,
				2CB969372716D95C00BDA13F /* CarListingBannerView.swift */,
				2CB969392716DDA300BDA13F /* CarListingBannerViewModel.swift */,
			);
			path = Common;
			sourceTree = "<group>";
		};
		2C605EF52712B2E8001F028A /* Features */ = {
			isa = PBXGroup;
			children = (
				2C605F172712E236001F028A /* Map */,
				2C605F182712E241001F028A /* Listing */,
			);
			path = Features;
			sourceTree = "<group>";
		};
		2C605EF62712B2EE001F028A /* Extensions */ = {
			isa = PBXGroup;
			children = (
				2C605F022712B6EC001F028A /* UIColor+Extensions.swift */,
				2C605F2427130E49001F028A /* UIView+Extensions.swift */,
				2C605F302713F696001F028A /* Collection+Extensions.swift */,
				2CB969232715ADEF00BDA13F /* MKMapView+Extensions.swift */,
				2CB969342716B98D00BDA13F /* Float+Extensions.swift */,
				2CB9693D2716E5C100BDA13F /* DispatchQueue+MainThread.swift */,
			);
			path = Extensions;
			sourceTree = "<group>";
		};
		2C605EF72712B2FB001F028A /* Networking */ = {
			isa = PBXGroup;
			children = (
				2C605F062712BB2F001F028A /* NetworkManager.swift */,
				2C605F082712BB3B001F028A /* NetworkingProtocols.swift */,
				2C605F0A2712BB48001F028A /* JSONKeySnakeCaseDecoder.swift */,
				2C605F0C2712BB54001F028A /* APIError.swift */,
				2C605F0E2712BB64001F028A /* APIEndPoint.swift */,
			);
			path = Networking;
			sourceTree = "<group>";
		};
		2C605F102712C258001F028A /* Service */ = {
			isa = PBXGroup;
			children = (
				2C605F152712C498001F028A /* CarResponseModel.swift */,
				2C605F132712C485001F028A /* CarRequest.swift */,
				2C605F112712C463001F028A /* CarService.swift */,
			);
			path = Service;
			sourceTree = "<group>";
		};
		2C605F172712E236001F028A /* Map */ = {
			isa = PBXGroup;
			children = (
				2CB9692F271686BC00BDA13F /* ViewModels */,
				2CB969252715E88100BDA13F /* Views */,
				2C829E1E2714A9CD00FCCC35 /* MapListModule.swift */,
				2C829E202714A9E700FCCC35 /* MapListProtocols.swift */,
				2C829E162714A95E00FCCC35 /* MapListViewController.swift */,
				2C829E182714A96D00FCCC35 /* MapListPresenter.swift */,
				2C829E1A2714A97A00FCCC35 /* MapListInteractor.swift */,
				2C829E1C2714A98800FCCC35 /* MapListWireframe.swift */,
				2CB9692127159BCD00BDA13F /* CarAnnotaion.swift */,
			);
			path = Map;
			sourceTree = "<group>";
		};
		2C605F182712E241001F028A /* Listing */ = {
			isa = PBXGroup;
			children = (
				2C605F19271309F0001F028A /* Views */,
				2C605F1C27130A18001F028A /* CarListModule.swift */,
				2C605F2627130F0E001F028A /* CarListProtocols.swift */,
				2C605F1A27130A01001F028A /* CarListViewController.swift */,
				2C605F1E27130A32001F028A /* CarListPresenter.swift */,
				2C605F2027130A41001F028A /* CarListInteractor.swift */,
				2C605F2227130A5B001F028A /* CarListWireframe.swift */,
				2C605F2E2713F329001F028A /* CarCellViewModels.swift */,
			);
			path = Listing;
			sourceTree = "<group>";
		};
		2C605F19271309F0001F028A /* Views */ = {
			isa = PBXGroup;
			children = (
				2C605F2A27131B59001F028A /* CarListTableCell.swift */,
				2C829E122714980700FCCC35 /* SeparatorTableCell.swift */,
			);
			path = Views;
			sourceTree = "<group>";
		};
		2C8C57F527170229000B69BC /* Presenter Tests */ = {
			isa = PBXGroup;
			children = (
				2C8C57F627170240000B69BC /* MapListPresenterTests.swift */,
				2C8C57FE27170F1A000B69BC /* CarListPresenterTests.swift */,
			);
			path = "Presenter Tests";
			sourceTree = "<group>";
		};
		2CB969252715E88100BDA13F /* Views */ = {
			isa = PBXGroup;
			children = (
				2CB969262715EEEF00BDA13F /* SelectedCarView.swift */,
				2CB9692A27160B9700BDA13F /* CarInfoView.swift */,
				2CB969322716922900BDA13F /* FloatingButtonView.swift */,
			);
			path = Views;
			sourceTree = "<group>";
		};
		2CB9692F271686BC00BDA13F /* ViewModels */ = {
			isa = PBXGroup;
			children = (
				2CB96930271686E300BDA13F /* SelectedCarViewModel.swift */,
			);
			path = ViewModels;
			sourceTree = "<group>";
		};
		2CB9693F2716E69E00BDA13F /* Mocks */ = {
			isa = PBXGroup;
			children = (
				2CB969442716E72B00BDA13F /* Map List */,
				2CB969452716E73000BDA13F /* Car List */,
				2CB969432716E71B00BDA13F /* Test Json */,
				2CB969422716E71400BDA13F /* Common */,
			);
			path = Mocks;
			sourceTree = "<group>";
		};
		2CB969402716E6A400BDA13F /* Service Tests */ = {
			isa = PBXGroup;
			children = (
				2CB969462716E76900BDA13F /* CarServiceTests.swift */,
			);
			path = "Service Tests";
			sourceTree = "<group>";
		};
		2CB969412716E6B200BDA13F /* Module Tests */ = {
			isa = PBXGroup;
			children = (
				2C8C5800271714FE000B69BC /* MapListModuleTests.swift */,
				2C8C58022717150C000B69BC /* CarListModuleTests.swift */,
			);
			path = "Module Tests";
			sourceTree = "<group>";
		};
		2CB969422716E71400BDA13F /* Common */ = {
			isa = PBXGroup;
			children = (
				2C8C57E72716F7B0000B69BC /* MockReachability.swift */,
				2C8C57E92716F896000B69BC /* NetworkManagerMock.swift */,
			);
			path = Common;
			sourceTree = "<group>";
		};
		2CB969432716E71B00BDA13F /* Test Json */ = {
			isa = PBXGroup;
			children = (
				2C8C57EB2716FA3A000B69BC /* carInvalid.json */,
				2C8C57EC2716FA3A000B69BC /* carValid.json */,
			);
			path = "Test Json";
			sourceTree = "<group>";
		};
		2CB969442716E72B00BDA13F /* Map List */ = {
			isa = PBXGroup;
			children = (
				2C8C57EF2716FE96000B69BC /* MockMapListViewController.swift */,
				2C8C57F12716FEAD000B69BC /* MockMapListInteractor.swift */,
				2C8C57F32716FED1000B69BC /* MockMapListWireframe.swift */,
			);
			path = "Map List";
			sourceTree = "<group>";
		};
		2CB969452716E73000BDA13F /* Car List */ = {
			isa = PBXGroup;
			children = (
				2C8C57F827170CD8000B69BC /* MockCarListViewController.swift */,
				2C8C57FA27170CEC000B69BC /* MockCarListInteractor.swift */,
				2C8C57FC27170CF7000B69BC /* MockCarListWireframe.swift */,
			);
			path = "Car List";
			sourceTree = "<group>";
		};
		8A2F0CC8CB619739D0D40A83 /* Pods */ = {
			isa = PBXGroup;
			children = (
				FC24DECA75BBAA0D21C90BBA /* Pods-CarListing.debug.xcconfig */,
				5C1AE97462E2B9B289F52D3C /* Pods-CarListing.release.xcconfig */,
				1BB47853352EB3981259F6BC /* Pods-CarListing-CarListingUITests.debug.xcconfig */,
				1B9418A700DB84EAEBDC73FF /* Pods-CarListing-CarListingUITests.release.xcconfig */,
				A75F3211AD997480DCFF23E4 /* Pods-CarListingTests.debug.xcconfig */,
				EFC6F96A06258C50EF5BA13B /* Pods-CarListingTests.release.xcconfig */,
			);
			path = Pods;
			sourceTree = "<group>";
		};
/* End PBXGroup section */

/* Begin PBXNativeTarget section */
		2C605EBA2712A817001F028A /* CarListing */ = {
			isa = PBXNativeTarget;
			buildConfigurationList = 2C605EE52712A818001F028A /* Build configuration list for PBXNativeTarget "CarListing" */;
			buildPhases = (
				37757051A2A8AD47A7EF7507 /* [CP] Check Pods Manifest.lock */,
				2C605EB72712A817001F028A /* Sources */,
				2C605EB82712A817001F028A /* Frameworks */,
				2C605EB92712A817001F028A /* Resources */,
				83622F43D5D484AC293F0C9C /* [CP] Embed Pods Frameworks */,
			);
			buildRules = (
			);
			dependencies = (
			);
			name = CarListing;
			productName = CarListing;
			productReference = 2C605EBB2712A817001F028A /* CarListing.app */;
			productType = "com.apple.product-type.application";
		};
		2C605ED02712A818001F028A /* CarListingTests */ = {
			isa = PBXNativeTarget;
			buildConfigurationList = 2C605EE82712A818001F028A /* Build configuration list for PBXNativeTarget "CarListingTests" */;
			buildPhases = (
				C39FB006BA981A03A6795CF5 /* [CP] Check Pods Manifest.lock */,
				2C605ECD2712A818001F028A /* Sources */,
				2C605ECE2712A818001F028A /* Frameworks */,
				2C605ECF2712A818001F028A /* Resources */,
			);
			buildRules = (
			);
			dependencies = (
				2C605ED32712A818001F028A /* PBXTargetDependency */,
			);
			name = CarListingTests;
			productName = CarListingTests;
			productReference = 2C605ED12712A818001F028A /* CarListingTests.xctest */;
			productType = "com.apple.product-type.bundle.unit-test";
		};
/* End PBXNativeTarget section */

/* Begin PBXProject section */
		2C605EB32712A817001F028A /* Project object */ = {
			isa = PBXProject;
			attributes = {
				LastSwiftUpdateCheck = 1250;
				LastUpgradeCheck = 1250;
				TargetAttributes = {
					2C605EBA2712A817001F028A = {
						CreatedOnToolsVersion = 12.5;
					};
					2C605ED02712A818001F028A = {
						CreatedOnToolsVersion = 12.5;
						TestTargetID = 2C605EBA2712A817001F028A;
					};
				};
			};
			buildConfigurationList = 2C605EB62712A817001F028A /* Build configuration list for PBXProject "CarListing" */;
			compatibilityVersion = "Xcode 9.3";
			developmentRegion = en;
			hasScannedForEncodings = 0;
			knownRegions = (
				en,
				Base,
			);
			mainGroup = 2C605EB22712A817001F028A;
			productRefGroup = 2C605EBC2712A817001F028A /* Products */;
			projectDirPath = "";
			projectRoot = "";
			targets = (
				2C605EBA2712A817001F028A /* CarListing */,
				2C605ED02712A818001F028A /* CarListingTests */,
			);
		};
/* End PBXProject section */

/* Begin PBXResourcesBuildPhase section */
		2C605EB92712A817001F028A /* Resources */ = {
			isa = PBXResourcesBuildPhase;
			buildActionMask = 2147483647;
			files = (
				2C605ECB2712A818001F028A /* LaunchScreen.storyboard in Resources */,
				2C605EC82712A818001F028A /* Assets.xcassets in Resources */,
			);
			runOnlyForDeploymentPostprocessing = 0;
		};
		2C605ECF2712A818001F028A /* Resources */ = {
			isa = PBXResourcesBuildPhase;
			buildActionMask = 2147483647;
			files = (
				2C8C57ED2716FA3A000B69BC /* carInvalid.json in Resources */,
				2C8C57EE2716FA3A000B69BC /* carValid.json in Resources */,
			);
			runOnlyForDeploymentPostprocessing = 0;
		};
/* End PBXResourcesBuildPhase section */

/* Begin PBXShellScriptBuildPhase section */
		37757051A2A8AD47A7EF7507 /* [CP] Check Pods Manifest.lock */ = {
			isa = PBXShellScriptBuildPhase;
			buildActionMask = 2147483647;
			files = (
			);
			inputFileListPaths = (
			);
			inputPaths = (
				"${PODS_PODFILE_DIR_PATH}/Podfile.lock",
				"${PODS_ROOT}/Manifest.lock",
			);
			name = "[CP] Check Pods Manifest.lock";
			outputFileListPaths = (
			);
			outputPaths = (
				"$(DERIVED_FILE_DIR)/Pods-CarListing-checkManifestLockResult.txt",
			);
			runOnlyForDeploymentPostprocessing = 0;
			shellPath = /bin/sh;
			shellScript = "diff \"${PODS_PODFILE_DIR_PATH}/Podfile.lock\" \"${PODS_ROOT}/Manifest.lock\" > /dev/null\nif [ $? != 0 ] ; then\n    # print error to STDERR\n    echo \"error: The sandbox is not in sync with the Podfile.lock. Run 'pod install' or update your CocoaPods installation.\" >&2\n    exit 1\nfi\n# This output is used by Xcode 'outputs' to avoid re-running this script phase.\necho \"SUCCESS\" > \"${SCRIPT_OUTPUT_FILE_0}\"\n";
			showEnvVarsInLog = 0;
		};
		83622F43D5D484AC293F0C9C /* [CP] Embed Pods Frameworks */ = {
			isa = PBXShellScriptBuildPhase;
			buildActionMask = 2147483647;
			files = (
			);
			inputFileListPaths = (
				"${PODS_ROOT}/Target Support Files/Pods-CarListing/Pods-CarListing-frameworks-${CONFIGURATION}-input-files.xcfilelist",
			);
			name = "[CP] Embed Pods Frameworks";
			outputFileListPaths = (
				"${PODS_ROOT}/Target Support Files/Pods-CarListing/Pods-CarListing-frameworks-${CONFIGURATION}-output-files.xcfilelist",
			);
			runOnlyForDeploymentPostprocessing = 0;
			shellPath = /bin/sh;
			shellScript = "\"${PODS_ROOT}/Target Support Files/Pods-CarListing/Pods-CarListing-frameworks.sh\"\n";
			showEnvVarsInLog = 0;
		};
		C39FB006BA981A03A6795CF5 /* [CP] Check Pods Manifest.lock */ = {
			isa = PBXShellScriptBuildPhase;
			buildActionMask = 2147483647;
			files = (
			);
			inputFileListPaths = (
			);
			inputPaths = (
				"${PODS_PODFILE_DIR_PATH}/Podfile.lock",
				"${PODS_ROOT}/Manifest.lock",
			);
			name = "[CP] Check Pods Manifest.lock";
			outputFileListPaths = (
			);
			outputPaths = (
				"$(DERIVED_FILE_DIR)/Pods-CarListingTests-checkManifestLockResult.txt",
			);
			runOnlyForDeploymentPostprocessing = 0;
			shellPath = /bin/sh;
			shellScript = "diff \"${PODS_PODFILE_DIR_PATH}/Podfile.lock\" \"${PODS_ROOT}/Manifest.lock\" > /dev/null\nif [ $? != 0 ] ; then\n    # print error to STDERR\n    echo \"error: The sandbox is not in sync with the Podfile.lock. Run 'pod install' or update your CocoaPods installation.\" >&2\n    exit 1\nfi\n# This output is used by Xcode 'outputs' to avoid re-running this script phase.\necho \"SUCCESS\" > \"${SCRIPT_OUTPUT_FILE_0}\"\n";
			showEnvVarsInLog = 0;
		};
/* End PBXShellScriptBuildPhase section */

/* Begin PBXSourcesBuildPhase section */
		2C605EB72712A817001F028A /* Sources */ = {
			isa = PBXSourcesBuildPhase;
			buildActionMask = 2147483647;
			files = (
				2C829E172714A95E00FCCC35 /* MapListViewController.swift in Sources */,
				2CB9692B27160B9700BDA13F /* CarInfoView.swift in Sources */,
				2CB969332716922900BDA13F /* FloatingButtonView.swift in Sources */,
				2C605F0B2712BB48001F028A /* JSONKeySnakeCaseDecoder.swift in Sources */,
				2C605F1F27130A32001F028A /* CarListPresenter.swift in Sources */,
				2C829E192714A96D00FCCC35 /* MapListPresenter.swift in Sources */,
				2C605F072712BB2F001F028A /* NetworkManager.swift in Sources */,
				2C605F122712C463001F028A /* CarService.swift in Sources */,
				2C829E1B2714A97A00FCCC35 /* MapListInteractor.swift in Sources */,
				2C605EFF2712B43D001F028A /* Dependencies.swift in Sources */,
				2C605EFB2712B426001F028A /* Wireframe.swift in Sources */,
				2C829E132714980700FCCC35 /* SeparatorTableCell.swift in Sources */,
				2C605F2927131027001F028A /* Interactor.swift in Sources */,
				2C605F2727130F0E001F028A /* CarListProtocols.swift in Sources */,
				2CB969242715ADEF00BDA13F /* MKMapView+Extensions.swift in Sources */,
				2C829E1D2714A98800FCCC35 /* MapListWireframe.swift in Sources */,
				2C605F032712B6EC001F028A /* UIColor+Extensions.swift in Sources */,
				2C605F312713F696001F028A /* Collection+Extensions.swift in Sources */,
				2C605F2D27131B6C001F028A /* BaseTableCell.swift in Sources */,
				2C605F2127130A41001F028A /* CarListInteractor.swift in Sources */,
				2C605F1D27130A18001F028A /* CarListModule.swift in Sources */,
				2C829E212714A9E700FCCC35 /* MapListProtocols.swift in Sources */,
				2CB9693A2716DDA300BDA13F /* CarListingBannerViewModel.swift in Sources */,
				2C605F0F2712BB64001F028A /* APIEndPoint.swift in Sources */,
				2C605F2527130E49001F028A /* UIView+Extensions.swift in Sources */,
				2C605F162712C498001F028A /* CarResponseModel.swift in Sources */,
				2C605F0D2712BB54001F028A /* APIError.swift in Sources */,
				2C829E1F2714A9CD00FCCC35 /* MapListModule.swift in Sources */,
				2C605F2B27131B59001F028A /* CarListTableCell.swift in Sources */,
				2C605F142712C485001F028A /* CarRequest.swift in Sources */,
				2CB969292715EF4A00BDA13F /* BaseView.swift in Sources */,
				2CB969352716B98D00BDA13F /* Float+Extensions.swift in Sources */,
				2C605EF92712B417001F028A /* Module.swift in Sources */,
				2C605F052712B8B5001F028A /* Reachability.swift in Sources */,
				2C605F2F2713F329001F028A /* CarCellViewModels.swift in Sources */,
				2CB9692E2716848100BDA13F /* CarListingAssets.swift in Sources */,
				2C605EBF2712A817001F028A /* AppDelegate.swift in Sources */,
				2CB9693E2716E5C100BDA13F /* DispatchQueue+MainThread.swift in Sources */,
				2C605F092712BB3B001F028A /* NetworkingProtocols.swift in Sources */,
				2C605EFD2712B432001F028A /* Router.swift in Sources */,
				2CB96931271686E300BDA13F /* SelectedCarViewModel.swift in Sources */,
				2C605F2327130A5B001F028A /* CarListWireframe.swift in Sources */,
				2C605F1B27130A01001F028A /* CarListViewController.swift in Sources */,
				2CB9692227159BCD00BDA13F /* CarAnnotaion.swift in Sources */,
				2CB969272715EEEF00BDA13F /* SelectedCarView.swift in Sources */,
				2CB969382716D95C00BDA13F /* CarListingBannerView.swift in Sources */,
				2C605EC12712A817001F028A /* SceneDelegate.swift in Sources */,
			);
			runOnlyForDeploymentPostprocessing = 0;
		};
		2C605ECD2712A818001F028A /* Sources */ = {
			isa = PBXSourcesBuildPhase;
			buildActionMask = 2147483647;
			files = (
				2C8C57E82716F7B0000B69BC /* MockReachability.swift in Sources */,
				2C8C57FB27170CEC000B69BC /* MockCarListInteractor.swift in Sources */,
				2C8C57F02716FE96000B69BC /* MockMapListViewController.swift in Sources */,
				2C8C57F22716FEAD000B69BC /* MockMapListInteractor.swift in Sources */,
				2CB969472716E76900BDA13F /* CarServiceTests.swift in Sources */,
				2C8C57FF27170F1A000B69BC /* CarListPresenterTests.swift in Sources */,
				2C8C5801271714FE000B69BC /* MapListModuleTests.swift in Sources */,
				2C8C57F727170240000B69BC /* MapListPresenterTests.swift in Sources */,
				2C8C57F927170CD8000B69BC /* MockCarListViewController.swift in Sources */,
				2C8C57FD27170CF7000B69BC /* MockCarListWireframe.swift in Sources */,
				2C8C58032717150C000B69BC /* CarListModuleTests.swift in Sources */,
				2C8C57EA2716F896000B69BC /* NetworkManagerMock.swift in Sources */,
				2C8C57F42716FED1000B69BC /* MockMapListWireframe.swift in Sources */,
			);
			runOnlyForDeploymentPostprocessing = 0;
		};
/* End PBXSourcesBuildPhase section */

/* Begin PBXTargetDependency section */
		2C605ED32712A818001F028A /* PBXTargetDependency */ = {
			isa = PBXTargetDependency;
			target = 2C605EBA2712A817001F028A /* CarListing */;
			targetProxy = 2C605ED22712A818001F028A /* PBXContainerItemProxy */;
		};
/* End PBXTargetDependency section */

/* Begin PBXVariantGroup section */
		2C605EC92712A818001F028A /* LaunchScreen.storyboard */ = {
			isa = PBXVariantGroup;
			children = (
				2C605ECA2712A818001F028A /* Base */,
			);
			name = LaunchScreen.storyboard;
			sourceTree = "<group>";
		};
/* End PBXVariantGroup section */

/* Begin XCBuildConfiguration section */
		2C605EE32712A818001F028A /* Debug */ = {
			isa = XCBuildConfiguration;
			buildSettings = {
				ALWAYS_SEARCH_USER_PATHS = NO;
				CLANG_ANALYZER_NONNULL = YES;
				CLANG_ANALYZER_NUMBER_OBJECT_CONVERSION = YES_AGGRESSIVE;
				CLANG_CXX_LANGUAGE_STANDARD = "gnu++14";
				CLANG_CXX_LIBRARY = "libc++";
				CLANG_ENABLE_MODULES = YES;
				CLANG_ENABLE_OBJC_ARC = YES;
				CLANG_ENABLE_OBJC_WEAK = YES;
				CLANG_WARN_BLOCK_CAPTURE_AUTORELEASING = YES;
				CLANG_WARN_BOOL_CONVERSION = YES;
				CLANG_WARN_COMMA = YES;
				CLANG_WARN_CONSTANT_CONVERSION = YES;
				CLANG_WARN_DEPRECATED_OBJC_IMPLEMENTATIONS = YES;
				CLANG_WARN_DIRECT_OBJC_ISA_USAGE = YES_ERROR;
				CLANG_WARN_DOCUMENTATION_COMMENTS = YES;
				CLANG_WARN_EMPTY_BODY = YES;
				CLANG_WARN_ENUM_CONVERSION = YES;
				CLANG_WARN_INFINITE_RECURSION = YES;
				CLANG_WARN_INT_CONVERSION = YES;
				CLANG_WARN_NON_LITERAL_NULL_CONVERSION = YES;
				CLANG_WARN_OBJC_IMPLICIT_RETAIN_SELF = YES;
				CLANG_WARN_OBJC_LITERAL_CONVERSION = YES;
				CLANG_WARN_OBJC_ROOT_CLASS = YES_ERROR;
				CLANG_WARN_QUOTED_INCLUDE_IN_FRAMEWORK_HEADER = YES;
				CLANG_WARN_RANGE_LOOP_ANALYSIS = YES;
				CLANG_WARN_STRICT_PROTOTYPES = YES;
				CLANG_WARN_SUSPICIOUS_MOVE = YES;
				CLANG_WARN_UNGUARDED_AVAILABILITY = YES_AGGRESSIVE;
				CLANG_WARN_UNREACHABLE_CODE = YES;
				CLANG_WARN__DUPLICATE_METHOD_MATCH = YES;
				COPY_PHASE_STRIP = NO;
				DEBUG_INFORMATION_FORMAT = dwarf;
				ENABLE_STRICT_OBJC_MSGSEND = YES;
				ENABLE_TESTABILITY = YES;
				GCC_C_LANGUAGE_STANDARD = gnu11;
				GCC_DYNAMIC_NO_PIC = NO;
				GCC_NO_COMMON_BLOCKS = YES;
				GCC_OPTIMIZATION_LEVEL = 0;
				GCC_PREPROCESSOR_DEFINITIONS = (
					"DEBUG=1",
					"$(inherited)",
				);
				GCC_WARN_64_TO_32_BIT_CONVERSION = YES;
				GCC_WARN_ABOUT_RETURN_TYPE = YES_ERROR;
				GCC_WARN_UNDECLARED_SELECTOR = YES;
				GCC_WARN_UNINITIALIZED_AUTOS = YES_AGGRESSIVE;
				GCC_WARN_UNUSED_FUNCTION = YES;
				GCC_WARN_UNUSED_VARIABLE = YES;
				IPHONEOS_DEPLOYMENT_TARGET = 13.0;
				MTL_ENABLE_DEBUG_INFO = INCLUDE_SOURCE;
				MTL_FAST_MATH = YES;
				ONLY_ACTIVE_ARCH = YES;
				SDKROOT = iphoneos;
				SWIFT_ACTIVE_COMPILATION_CONDITIONS = DEBUG;
				SWIFT_OPTIMIZATION_LEVEL = "-Onone";
			};
			name = Debug;
		};
		2C605EE42712A818001F028A /* Release */ = {
			isa = XCBuildConfiguration;
			buildSettings = {
				ALWAYS_SEARCH_USER_PATHS = NO;
				CLANG_ANALYZER_NONNULL = YES;
				CLANG_ANALYZER_NUMBER_OBJECT_CONVERSION = YES_AGGRESSIVE;
				CLANG_CXX_LANGUAGE_STANDARD = "gnu++14";
				CLANG_CXX_LIBRARY = "libc++";
				CLANG_ENABLE_MODULES = YES;
				CLANG_ENABLE_OBJC_ARC = YES;
				CLANG_ENABLE_OBJC_WEAK = YES;
				CLANG_WARN_BLOCK_CAPTURE_AUTORELEASING = YES;
				CLANG_WARN_BOOL_CONVERSION = YES;
				CLANG_WARN_COMMA = YES;
				CLANG_WARN_CONSTANT_CONVERSION = YES;
				CLANG_WARN_DEPRECATED_OBJC_IMPLEMENTATIONS = YES;
				CLANG_WARN_DIRECT_OBJC_ISA_USAGE = YES_ERROR;
				CLANG_WARN_DOCUMENTATION_COMMENTS = YES;
				CLANG_WARN_EMPTY_BODY = YES;
				CLANG_WARN_ENUM_CONVERSION = YES;
				CLANG_WARN_INFINITE_RECURSION = YES;
				CLANG_WARN_INT_CONVERSION = YES;
				CLANG_WARN_NON_LITERAL_NULL_CONVERSION = YES;
				CLANG_WARN_OBJC_IMPLICIT_RETAIN_SELF = YES;
				CLANG_WARN_OBJC_LITERAL_CONVERSION = YES;
				CLANG_WARN_OBJC_ROOT_CLASS = YES_ERROR;
				CLANG_WARN_QUOTED_INCLUDE_IN_FRAMEWORK_HEADER = YES;
				CLANG_WARN_RANGE_LOOP_ANALYSIS = YES;
				CLANG_WARN_STRICT_PROTOTYPES = YES;
				CLANG_WARN_SUSPICIOUS_MOVE = YES;
				CLANG_WARN_UNGUARDED_AVAILABILITY = YES_AGGRESSIVE;
				CLANG_WARN_UNREACHABLE_CODE = YES;
				CLANG_WARN__DUPLICATE_METHOD_MATCH = YES;
				COPY_PHASE_STRIP = NO;
				DEBUG_INFORMATION_FORMAT = "dwarf-with-dsym";
				ENABLE_NS_ASSERTIONS = NO;
				ENABLE_STRICT_OBJC_MSGSEND = YES;
				GCC_C_LANGUAGE_STANDARD = gnu11;
				GCC_NO_COMMON_BLOCKS = YES;
				GCC_WARN_64_TO_32_BIT_CONVERSION = YES;
				GCC_WARN_ABOUT_RETURN_TYPE = YES_ERROR;
				GCC_WARN_UNDECLARED_SELECTOR = YES;
				GCC_WARN_UNINITIALIZED_AUTOS = YES_AGGRESSIVE;
				GCC_WARN_UNUSED_FUNCTION = YES;
				GCC_WARN_UNUSED_VARIABLE = YES;
				IPHONEOS_DEPLOYMENT_TARGET = 13.0;
				MTL_ENABLE_DEBUG_INFO = NO;
				MTL_FAST_MATH = YES;
				SDKROOT = iphoneos;
				SWIFT_COMPILATION_MODE = wholemodule;
				SWIFT_OPTIMIZATION_LEVEL = "-O";
				VALIDATE_PRODUCT = YES;
			};
			name = Release;
		};
		2C605EE62712A818001F028A /* Debug */ = {
			isa = XCBuildConfiguration;
			baseConfigurationReference = FC24DECA75BBAA0D21C90BBA /* Pods-CarListing.debug.xcconfig */;
			buildSettings = {
				ASSETCATALOG_COMPILER_APPICON_NAME = AppIcon;
				ASSETCATALOG_COMPILER_GLOBAL_ACCENT_COLOR_NAME = AccentColor;
				CODE_SIGN_STYLE = Automatic;
				DEVELOPMENT_TEAM = B4G4Y5F4Y2;
				INFOPLIST_FILE = CarListing/Info.plist;
				LD_RUNPATH_SEARCH_PATHS = (
					"$(inherited)",
					"@executable_path/Frameworks",
				);
				PRODUCT_BUNDLE_IDENTIFIER = com.assignment.car.CarListing;
				PRODUCT_NAME = "$(TARGET_NAME)";
				SWIFT_VERSION = 5.0;
				TARGETED_DEVICE_FAMILY = "1,2";
			};
			name = Debug;
		};
		2C605EE72712A818001F028A /* Release */ = {
			isa = XCBuildConfiguration;
			baseConfigurationReference = 5C1AE97462E2B9B289F52D3C /* Pods-CarListing.release.xcconfig */;
			buildSettings = {
				ASSETCATALOG_COMPILER_APPICON_NAME = AppIcon;
				ASSETCATALOG_COMPILER_GLOBAL_ACCENT_COLOR_NAME = AccentColor;
				CODE_SIGN_STYLE = Automatic;
				DEVELOPMENT_TEAM = B4G4Y5F4Y2;
				INFOPLIST_FILE = CarListing/Info.plist;
				LD_RUNPATH_SEARCH_PATHS = (
					"$(inherited)",
					"@executable_path/Frameworks",
				);
				PRODUCT_BUNDLE_IDENTIFIER = com.assignment.car.CarListing;
				PRODUCT_NAME = "$(TARGET_NAME)";
				SWIFT_VERSION = 5.0;
				TARGETED_DEVICE_FAMILY = "1,2";
			};
			name = Release;
		};
		2C605EE92712A818001F028A /* Debug */ = {
			isa = XCBuildConfiguration;
			baseConfigurationReference = A75F3211AD997480DCFF23E4 /* Pods-CarListingTests.debug.xcconfig */;
			buildSettings = {
				ALWAYS_EMBED_SWIFT_STANDARD_LIBRARIES = YES;
				BUNDLE_LOADER = "$(TEST_HOST)";
				CODE_SIGN_STYLE = Automatic;
				DEVELOPMENT_TEAM = B4G4Y5F4Y2;
				INFOPLIST_FILE = CarListingTests/Info.plist;
				IPHONEOS_DEPLOYMENT_TARGET = 14.5;
				LD_RUNPATH_SEARCH_PATHS = (
					"$(inherited)",
					"@executable_path/Frameworks",
					"@loader_path/Frameworks",
				);
				PRODUCT_BUNDLE_IDENTIFIER = com.assignment.car.CarListingTests;
				PRODUCT_NAME = "$(TARGET_NAME)";
				SWIFT_VERSION = 5.0;
				TARGETED_DEVICE_FAMILY = "1,2";
				TEST_HOST = "$(BUILT_PRODUCTS_DIR)/CarListing.app/CarListing";
			};
			name = Debug;
		};
		2C605EEA2712A818001F028A /* Release */ = {
			isa = XCBuildConfiguration;
			baseConfigurationReference = EFC6F96A06258C50EF5BA13B /* Pods-CarListingTests.release.xcconfig */;
			buildSettings = {
				ALWAYS_EMBED_SWIFT_STANDARD_LIBRARIES = YES;
				BUNDLE_LOADER = "$(TEST_HOST)";
				CODE_SIGN_STYLE = Automatic;
				DEVELOPMENT_TEAM = B4G4Y5F4Y2;
				INFOPLIST_FILE = CarListingTests/Info.plist;
				IPHONEOS_DEPLOYMENT_TARGET = 14.5;
				LD_RUNPATH_SEARCH_PATHS = (
					"$(inherited)",
					"@executable_path/Frameworks",
					"@loader_path/Frameworks",
				);
				PRODUCT_BUNDLE_IDENTIFIER = com.assignment.car.CarListingTests;
				PRODUCT_NAME = "$(TARGET_NAME)";
				SWIFT_VERSION = 5.0;
				TARGETED_DEVICE_FAMILY = "1,2";
				TEST_HOST = "$(BUILT_PRODUCTS_DIR)/CarListing.app/CarListing";
			};
			name = Release;
		};
/* End XCBuildConfiguration section */

/* Begin XCConfigurationList section */
		2C605EB62712A817001F028A /* Build configuration list for PBXProject "CarListing" */ = {
			isa = XCConfigurationList;
			buildConfigurations = (
				2C605EE32712A818001F028A /* Debug */,
				2C605EE42712A818001F028A /* Release */,
			);
			defaultConfigurationIsVisible = 0;
			defaultConfigurationName = Release;
		};
		2C605EE52712A818001F028A /* Build configuration list for PBXNativeTarget "CarListing" */ = {
			isa = XCConfigurationList;
			buildConfigurations = (
				2C605EE62712A818001F028A /* Debug */,
				2C605EE72712A818001F028A /* Release */,
			);
			defaultConfigurationIsVisible = 0;
			defaultConfigurationName = Release;
		};
		2C605EE82712A818001F028A /* Build configuration list for PBXNativeTarget "CarListingTests" */ = {
			isa = XCConfigurationList;
			buildConfigurations = (
				2C605EE92712A818001F028A /* Debug */,
				2C605EEA2712A818001F028A /* Release */,
			);
			defaultConfigurationIsVisible = 0;
			defaultConfigurationName = Release;
		};
/* End XCConfigurationList section */
	};
	rootObject = 2C605EB32712A817001F028A /* Project object */;
}
