// !$*UTF8*$!
{
	archiveVersion = 1;
	classes = {
	};
	objectVersion = 50;
	objects = {

/* Begin PBXBuildFile section */
		2C605EBF2712A817001F028A /* AppDelegate.swift in Sources */ = {isa = PBXBuildFile; fileRef = 2C605EBE2712A817001F028A /* AppDelegate.swift */; };
		2C605EC12712A817001F028A /* SceneDelegate.swift in Sources */ = {isa = PBXBuildFile; fileRef = 2C605EC02712A817001F028A /* SceneDelegate.swift */; };
		2C605EC82712A818001F028A /* Assets.xcassets in Resources */ = {isa = PBXBuildFile; fileRef = 2C605EC72712A818001F028A /* Assets.xcassets */; };
		2C605ECB2712A818001F028A /* LaunchScreen.storyboard in Resources */ = {isa = PBXBuildFile; fileRef = 2C605EC92712A818001F028A /* LaunchScreen.storyboard */; };
		2C605ED62712A818001F028A /* CarListingTests.swift in Sources */ = {isa = PBXBuildFile; fileRef = 2C605ED52712A818001F028A /* CarListingTests.swift */; };
		2C605EE12712A818001F028A /* CarListingUITests.swift in Sources */ = {isa = PBXBuildFile; fileRef = 2C605EE02712A818001F028A /* CarListingUITests.swift */; };
		2C605EF92712B417001F028A /* Module.swift in Sources */ = {isa = PBXBuildFile; fileRef = 2C605EF82712B417001F028A /* Module.swift */; };
		2C605EFB2712B426001F028A /* Wireframe.swift in Sources */ = {isa = PBXBuildFile; fileRef = 2C605EFA2712B426001F028A /* Wireframe.swift */; };
		2C605EFD2712B432001F028A /* Router.swift in Sources */ = {isa = PBXBuildFile; fileRef = 2C605EFC2712B432001F028A /* Router.swift */; };
		2C605EFF2712B43D001F028A /* Dependencies.swift in Sources */ = {isa = PBXBuildFile; fileRef = 2C605EFE2712B43D001F028A /* Dependencies.swift */; };
		2C605F032712B6EC001F028A /* UIColor+Extensions.swift in Sources */ = {isa = PBXBuildFile; fileRef = 2C605F022712B6EC001F028A /* UIColor+Extensions.swift */; };
		2C605F052712B8B5001F028A /* Reachability.swift in Sources */ = {isa = PBXBuildFile; fileRef = 2C605F042712B8B5001F028A /* Reachability.swift */; };
		2C605F072712BB2F001F028A /* NetworkManager.swift in Sources */ = {isa = PBXBuildFile; fileRef = 2C605F062712BB2F001F028A /* NetworkManager.swift */; };
		2C605F092712BB3B001F028A /* NetworkingProtocols.swift in Sources */ = {isa = PBXBuildFile; fileRef = 2C605F082712BB3B001F028A /* NetworkingProtocols.swift */; };
		2C605F0B2712BB48001F028A /* JSONKeySnakeCaseDecoder.swift in Sources */ = {isa = PBXBuildFile; fileRef = 2C605F0A2712BB48001F028A /* JSONKeySnakeCaseDecoder.swift */; };
		2C605F0D2712BB54001F028A /* APIError.swift in Sources */ = {isa = PBXBuildFile; fileRef = 2C605F0C2712BB54001F028A /* APIError.swift */; };
		2C605F0F2712BB64001F028A /* APIEndPoint.swift in Sources */ = {isa = PBXBuildFile; fileRef = 2C605F0E2712BB64001F028A /* APIEndPoint.swift */; };
		2C605F122712C463001F028A /* CarService.swift in Sources */ = {isa = PBXBuildFile; fileRef = 2C605F112712C463001F028A /* CarService.swift */; };
		2C605F142712C485001F028A /* CarRequest.swift in Sources */ = {isa = PBXBuildFile; fileRef = 2C605F132712C485001F028A /* CarRequest.swift */; };
		2C605F162712C498001F028A /* CarResponseModel.swift in Sources */ = {isa = PBXBuildFile; fileRef = 2C605F152712C498001F028A /* CarResponseModel.swift */; };
		2C605F1B27130A01001F028A /* CarListViewController.swift in Sources */ = {isa = PBXBuildFile; fileRef = 2C605F1A27130A01001F028A /* CarListViewController.swift */; };
		2C605F1D27130A18001F028A /* CarListModule.swift in Sources */ = {isa = PBXBuildFile; fileRef = 2C605F1C27130A18001F028A /* CarListModule.swift */; };
		2C605F1F27130A32001F028A /* CarListPresenter.swift in Sources */ = {isa = PBXBuildFile; fileRef = 2C605F1E27130A32001F028A /* CarListPresenter.swift */; };
		2C605F2127130A41001F028A /* CarListInteractor.swift in Sources */ = {isa = PBXBuildFile; fileRef = 2C605F2027130A41001F028A /* CarListInteractor.swift */; };
		2C605F2327130A5B001F028A /* CarListWireframe.swift in Sources */ = {isa = PBXBuildFile; fileRef = 2C605F2227130A5B001F028A /* CarListWireframe.swift */; };
		2C605F2527130E49001F028A /* UIView+Extensions.swift in Sources */ = {isa = PBXBuildFile; fileRef = 2C605F2427130E49001F028A /* UIView+Extensions.swift */; };
		2C605F2727130F0E001F028A /* CarListProtocols.swift in Sources */ = {isa = PBXBuildFile; fileRef = 2C605F2627130F0E001F028A /* CarListProtocols.swift */; };
		2C605F2927131027001F028A /* Interactor.swift in Sources */ = {isa = PBXBuildFile; fileRef = 2C605F2827131027001F028A /* Interactor.swift */; };
		2C605F2B27131B59001F028A /* CarListTableCell.swift in Sources */ = {isa = PBXBuildFile; fileRef = 2C605F2A27131B59001F028A /* CarListTableCell.swift */; };
		2C605F2D27131B6C001F028A /* BaseTableCell.swift in Sources */ = {isa = PBXBuildFile; fileRef = 2C605F2C27131B6C001F028A /* BaseTableCell.swift */; };
		2C605F2F2713F329001F028A /* CarCellViewModels.swift in Sources */ = {isa = PBXBuildFile; fileRef = 2C605F2E2713F329001F028A /* CarCellViewModels.swift */; };
		2C605F312713F696001F028A /* Collection+Extensions.swift in Sources */ = {isa = PBXBuildFile; fileRef = 2C605F302713F696001F028A /* Collection+Extensions.swift */; };
		2C829E132714980700FCCC35 /* SeparatorTableCell.swift in Sources */ = {isa = PBXBuildFile; fileRef = 2C829E122714980700FCCC35 /* SeparatorTableCell.swift */; };
		2C829E172714A95E00FCCC35 /* MapListViewController.swift in Sources */ = {isa = PBXBuildFile; fileRef = 2C829E162714A95E00FCCC35 /* MapListViewController.swift */; };
		2C829E192714A96D00FCCC35 /* MapListPresenter.swift in Sources */ = {isa = PBXBuildFile; fileRef = 2C829E182714A96D00FCCC35 /* MapListPresenter.swift */; };
		2C829E1B2714A97A00FCCC35 /* MapListInteractor.swift in Sources */ = {isa = PBXBuildFile; fileRef = 2C829E1A2714A97A00FCCC35 /* MapListInteractor.swift */; };
		2C829E1D2714A98800FCCC35 /* MapListWireframe.swift in Sources */ = {isa = PBXBuildFile; fileRef = 2C829E1C2714A98800FCCC35 /* MapListWireframe.swift */; };
		2C829E1F2714A9CD00FCCC35 /* MapListModule.swift in Sources */ = {isa = PBXBuildFile; fileRef = 2C829E1E2714A9CD00FCCC35 /* MapListModule.swift */; };
		2C829E212714A9E700FCCC35 /* MapListProtocols.swift in Sources */ = {isa = PBXBuildFile; fileRef = 2C829E202714A9E700FCCC35 /* MapListProtocols.swift */; };
/* End PBXBuildFile section */

/* Begin PBXContainerItemProxy section */
		2C605ED22712A818001F028A /* PBXContainerItemProxy */ = {
			isa = PBXContainerItemProxy;
			containerPortal = 2C605EB32712A817001F028A /* Project object */;
			proxyType = 1;
			remoteGlobalIDString = 2C605EBA2712A817001F028A;
			remoteInfo = CarListing;
		};
		2C605EDD2712A818001F028A /* PBXContainerItemProxy */ = {
			isa = PBXContainerItemProxy;
			containerPortal = 2C605EB32712A817001F028A /* Project object */;
			proxyType = 1;
			remoteGlobalIDString = 2C605EBA2712A817001F028A;
			remoteInfo = CarListing;
		};
/* End PBXContainerItemProxy section */

/* Begin PBXFileReference section */
		2C605EBB2712A817001F028A /* CarListing.app */ = {isa = PBXFileReference; explicitFileType = wrapper.application; includeInIndex = 0; path = CarListing.app; sourceTree = BUILT_PRODUCTS_DIR; };
		2C605EBE2712A817001F028A /* AppDelegate.swift */ = {isa = PBXFileReference; lastKnownFileType = sourcecode.swift; path = AppDelegate.swift; sourceTree = "<group>"; };
		2C605EC02712A817001F028A /* SceneDelegate.swift */ = {isa = PBXFileReference; lastKnownFileType = sourcecode.swift; path = SceneDelegate.swift; sourceTree = "<group>"; };
		2C605EC72712A818001F028A /* Assets.xcassets */ = {isa = PBXFileReference; lastKnownFileType = folder.assetcatalog; path = Assets.xcassets; sourceTree = "<group>"; };
		2C605ECA2712A818001F028A /* Base */ = {isa = PBXFileReference; lastKnownFileType = file.storyboard; name = Base; path = Base.lproj/LaunchScreen.storyboard; sourceTree = "<group>"; };
		2C605ECC2712A818001F028A /* Info.plist */ = {isa = PBXFileReference; lastKnownFileType = text.plist.xml; path = Info.plist; sourceTree = "<group>"; };
		2C605ED12712A818001F028A /* CarListingTests.xctest */ = {isa = PBXFileReference; explicitFileType = wrapper.cfbundle; includeInIndex = 0; path = CarListingTests.xctest; sourceTree = BUILT_PRODUCTS_DIR; };
		2C605ED52712A818001F028A /* CarListingTests.swift */ = {isa = PBXFileReference; lastKnownFileType = sourcecode.swift; path = CarListingTests.swift; sourceTree = "<group>"; };
		2C605ED72712A818001F028A /* Info.plist */ = {isa = PBXFileReference; lastKnownFileType = text.plist.xml; path = Info.plist; sourceTree = "<group>"; };
		2C605EDC2712A818001F028A /* CarListingUITests.xctest */ = {isa = PBXFileReference; explicitFileType = wrapper.cfbundle; includeInIndex = 0; path = CarListingUITests.xctest; sourceTree = BUILT_PRODUCTS_DIR; };
		2C605EE02712A818001F028A /* CarListingUITests.swift */ = {isa = PBXFileReference; lastKnownFileType = sourcecode.swift; path = CarListingUITests.swift; sourceTree = "<group>"; };
		2C605EE22712A818001F028A /* Info.plist */ = {isa = PBXFileReference; lastKnownFileType = text.plist.xml; path = Info.plist; sourceTree = "<group>"; };
		2C605EF82712B417001F028A /* Module.swift */ = {isa = PBXFileReference; lastKnownFileType = sourcecode.swift; path = Module.swift; sourceTree = "<group>"; };
		2C605EFA2712B426001F028A /* Wireframe.swift */ = {isa = PBXFileReference; lastKnownFileType = sourcecode.swift; path = Wireframe.swift; sourceTree = "<group>"; };
		2C605EFC2712B432001F028A /* Router.swift */ = {isa = PBXFileReference; lastKnownFileType = sourcecode.swift; path = Router.swift; sourceTree = "<group>"; };
		2C605EFE2712B43D001F028A /* Dependencies.swift */ = {isa = PBXFileReference; lastKnownFileType = sourcecode.swift; path = Dependencies.swift; sourceTree = "<group>"; };
		2C605F022712B6EC001F028A /* UIColor+Extensions.swift */ = {isa = PBXFileReference; lastKnownFileType = sourcecode.swift; path = "UIColor+Extensions.swift"; sourceTree = "<group>"; };
		2C605F042712B8B5001F028A /* Reachability.swift */ = {isa = PBXFileReference; lastKnownFileType = sourcecode.swift; path = Reachability.swift; sourceTree = "<group>"; };
		2C605F062712BB2F001F028A /* NetworkManager.swift */ = {isa = PBXFileReference; lastKnownFileType = sourcecode.swift; path = NetworkManager.swift; sourceTree = "<group>"; };
		2C605F082712BB3B001F028A /* NetworkingProtocols.swift */ = {isa = PBXFileReference; lastKnownFileType = sourcecode.swift; path = NetworkingProtocols.swift; sourceTree = "<group>"; };
		2C605F0A2712BB48001F028A /* JSONKeySnakeCaseDecoder.swift */ = {isa = PBXFileReference; lastKnownFileType = sourcecode.swift; path = JSONKeySnakeCaseDecoder.swift; sourceTree = "<group>"; };
		2C605F0C2712BB54001F028A /* APIError.swift */ = {isa = PBXFileReference; lastKnownFileType = sourcecode.swift; path = APIError.swift; sourceTree = "<group>"; };
		2C605F0E2712BB64001F028A /* APIEndPoint.swift */ = {isa = PBXFileReference; lastKnownFileType = sourcecode.swift; path = APIEndPoint.swift; sourceTree = "<group>"; };
		2C605F112712C463001F028A /* CarService.swift */ = {isa = PBXFileReference; lastKnownFileType = sourcecode.swift; path = CarService.swift; sourceTree = "<group>"; };
		2C605F132712C485001F028A /* CarRequest.swift */ = {isa = PBXFileReference; lastKnownFileType = sourcecode.swift; path = CarRequest.swift; sourceTree = "<group>"; };
		2C605F152712C498001F028A /* CarResponseModel.swift */ = {isa = PBXFileReference; lastKnownFileType = sourcecode.swift; path = CarResponseModel.swift; sourceTree = "<group>"; };
		2C605F1A27130A01001F028A /* CarListViewController.swift */ = {isa = PBXFileReference; lastKnownFileType = sourcecode.swift; path = CarListViewController.swift; sourceTree = "<group>"; };
		2C605F1C27130A18001F028A /* CarListModule.swift */ = {isa = PBXFileReference; lastKnownFileType = sourcecode.swift; path = CarListModule.swift; sourceTree = "<group>"; };
		2C605F1E27130A32001F028A /* CarListPresenter.swift */ = {isa = PBXFileReference; lastKnownFileType = sourcecode.swift; path = CarListPresenter.swift; sourceTree = "<group>"; };
		2C605F2027130A41001F028A /* CarListInteractor.swift */ = {isa = PBXFileReference; lastKnownFileType = sourcecode.swift; path = CarListInteractor.swift; sourceTree = "<group>"; };
		2C605F2227130A5B001F028A /* CarListWireframe.swift */ = {isa = PBXFileReference; lastKnownFileType = sourcecode.swift; path = CarListWireframe.swift; sourceTree = "<group>"; };
		2C605F2427130E49001F028A /* UIView+Extensions.swift */ = {isa = PBXFileReference; lastKnownFileType = sourcecode.swift; path = "UIView+Extensions.swift"; sourceTree = "<group>"; };
		2C605F2627130F0E001F028A /* CarListProtocols.swift */ = {isa = PBXFileReference; lastKnownFileType = sourcecode.swift; path = CarListProtocols.swift; sourceTree = "<group>"; };
		2C605F2827131027001F028A /* Interactor.swift */ = {isa = PBXFileReference; lastKnownFileType = sourcecode.swift; path = Interactor.swift; sourceTree = "<group>"; };
		2C605F2A27131B59001F028A /* CarListTableCell.swift */ = {isa = PBXFileReference; lastKnownFileType = sourcecode.swift; path = CarListTableCell.swift; sourceTree = "<group>"; };
		2C605F2C27131B6C001F028A /* BaseTableCell.swift */ = {isa = PBXFileReference; lastKnownFileType = sourcecode.swift; path = BaseTableCell.swift; sourceTree = "<group>"; };
		2C605F2E2713F329001F028A /* CarCellViewModels.swift */ = {isa = PBXFileReference; lastKnownFileType = sourcecode.swift; path = CarCellViewModels.swift; sourceTree = "<group>"; };
		2C605F302713F696001F028A /* Collection+Extensions.swift */ = {isa = PBXFileReference; lastKnownFileType = sourcecode.swift; path = "Collection+Extensions.swift"; sourceTree = "<group>"; };
		2C829E122714980700FCCC35 /* SeparatorTableCell.swift */ = {isa = PBXFileReference; lastKnownFileType = sourcecode.swift; path = SeparatorTableCell.swift; sourceTree = "<group>"; };
		2C829E162714A95E00FCCC35 /* MapListViewController.swift */ = {isa = PBXFileReference; lastKnownFileType = sourcecode.swift; path = MapListViewController.swift; sourceTree = "<group>"; };
		2C829E182714A96D00FCCC35 /* MapListPresenter.swift */ = {isa = PBXFileReference; lastKnownFileType = sourcecode.swift; path = MapListPresenter.swift; sourceTree = "<group>"; };
		2C829E1A2714A97A00FCCC35 /* MapListInteractor.swift */ = {isa = PBXFileReference; lastKnownFileType = sourcecode.swift; path = MapListInteractor.swift; sourceTree = "<group>"; };
		2C829E1C2714A98800FCCC35 /* MapListWireframe.swift */ = {isa = PBXFileReference; lastKnownFileType = sourcecode.swift; path = MapListWireframe.swift; sourceTree = "<group>"; };
		2C829E1E2714A9CD00FCCC35 /* MapListModule.swift */ = {isa = PBXFileReference; lastKnownFileType = sourcecode.swift; path = MapListModule.swift; sourceTree = "<group>"; };
		2C829E202714A9E700FCCC35 /* MapListProtocols.swift */ = {isa = PBXFileReference; lastKnownFileType = sourcecode.swift; path = MapListProtocols.swift; sourceTree = "<group>"; };
/* End PBXFileReference section */

/* Begin PBXFrameworksBuildPhase section */
		2C605EB82712A817001F028A /* Frameworks */ = {
			isa = PBXFrameworksBuildPhase;
			buildActionMask = 2147483647;
			files = (
			);
			runOnlyForDeploymentPostprocessing = 0;
		};
		2C605ECE2712A818001F028A /* Frameworks */ = {
			isa = PBXFrameworksBuildPhase;
			buildActionMask = 2147483647;
			files = (
			);
			runOnlyForDeploymentPostprocessing = 0;
		};
		2C605ED92712A818001F028A /* Frameworks */ = {
			isa = PBXFrameworksBuildPhase;
			buildActionMask = 2147483647;
			files = (
			);
			runOnlyForDeploymentPostprocessing = 0;
		};
/* End PBXFrameworksBuildPhase section */

/* Begin PBXGroup section */
		2C605EB22712A817001F028A = {
			isa = PBXGroup;
			children = (
				2C605EBD2712A817001F028A /* CarListing */,
				2C605ED42712A818001F028A /* CarListingTests */,
				2C605EDF2712A818001F028A /* CarListingUITests */,
				2C605EBC2712A817001F028A /* Products */,
			);
			sourceTree = "<group>";
		};
		2C605EBC2712A817001F028A /* Products */ = {
			isa = PBXGroup;
			children = (
				2C605EBB2712A817001F028A /* CarListing.app */,
				2C605ED12712A818001F028A /* CarListingTests.xctest */,
				2C605EDC2712A818001F028A /* CarListingUITests.xctest */,
			);
			name = Products;
			sourceTree = "<group>";
		};
		2C605EBD2712A817001F028A /* CarListing */ = {
			isa = PBXGroup;
			children = (
				2C605EF32712AEA2001F028A /* Base */,
				2C605EF52712B2E8001F028A /* Features */,
				2C605F102712C258001F028A /* Service */,
				2C605EF72712B2FB001F028A /* Networking */,
				2C605EF62712B2EE001F028A /* Extensions */,
				2C605EF42712B2E1001F028A /* Common */,
				2C605EBE2712A817001F028A /* AppDelegate.swift */,
				2C605EC02712A817001F028A /* SceneDelegate.swift */,
				2C605EC72712A818001F028A /* Assets.xcassets */,
				2C605EC92712A818001F028A /* LaunchScreen.storyboard */,
				2C605ECC2712A818001F028A /* Info.plist */,
			);
			path = CarListing;
			sourceTree = "<group>";
		};
		2C605ED42712A818001F028A /* CarListingTests */ = {
			isa = PBXGroup;
			children = (
				2C605ED52712A818001F028A /* CarListingTests.swift */,
				2C605ED72712A818001F028A /* Info.plist */,
			);
			path = CarListingTests;
			sourceTree = "<group>";
		};
		2C605EDF2712A818001F028A /* CarListingUITests */ = {
			isa = PBXGroup;
			children = (
				2C605EE02712A818001F028A /* CarListingUITests.swift */,
				2C605EE22712A818001F028A /* Info.plist */,
			);
			path = CarListingUITests;
			sourceTree = "<group>";
		};
		2C605EF32712AEA2001F028A /* Base */ = {
			isa = PBXGroup;
			children = (
				2C605EF82712B417001F028A /* Module.swift */,
				2C605EFA2712B426001F028A /* Wireframe.swift */,
				2C605EFC2712B432001F028A /* Router.swift */,
				2C605EFE2712B43D001F028A /* Dependencies.swift */,
				2C605F2827131027001F028A /* Interactor.swift */,
				2C605F2C27131B6C001F028A /* BaseTableCell.swift */,
			);
			path = Base;
			sourceTree = "<group>";
		};
		2C605EF42712B2E1001F028A /* Common */ = {
			isa = PBXGroup;
			children = (
				2C605F042712B8B5001F028A /* Reachability.swift */,
			);
			path = Common;
			sourceTree = "<group>";
		};
		2C605EF52712B2E8001F028A /* Features */ = {
			isa = PBXGroup;
			children = (
				2C605F172712E236001F028A /* Map */,
				2C605F182712E241001F028A /* Listing */,
			);
			path = Features;
			sourceTree = "<group>";
		};
		2C605EF62712B2EE001F028A /* Extensions */ = {
			isa = PBXGroup;
			children = (
				2C605F022712B6EC001F028A /* UIColor+Extensions.swift */,
				2C605F2427130E49001F028A /* UIView+Extensions.swift */,
				2C605F302713F696001F028A /* Collection+Extensions.swift */,
			);
			path = Extensions;
			sourceTree = "<group>";
		};
		2C605EF72712B2FB001F028A /* Networking */ = {
			isa = PBXGroup;
			children = (
				2C605F062712BB2F001F028A /* NetworkManager.swift */,
				2C605F082712BB3B001F028A /* NetworkingProtocols.swift */,
				2C605F0A2712BB48001F028A /* JSONKeySnakeCaseDecoder.swift */,
				2C605F0C2712BB54001F028A /* APIError.swift */,
				2C605F0E2712BB64001F028A /* APIEndPoint.swift */,
			);
			path = Networking;
			sourceTree = "<group>";
		};
		2C605F102712C258001F028A /* Service */ = {
			isa = PBXGroup;
			children = (
				2C605F152712C498001F028A /* CarResponseModel.swift */,
				2C605F132712C485001F028A /* CarRequest.swift */,
				2C605F112712C463001F028A /* CarService.swift */,
			);
			path = Service;
			sourceTree = "<group>";
		};
		2C605F172712E236001F028A /* Map */ = {
			isa = PBXGroup;
			children = (
				2C829E1E2714A9CD00FCCC35 /* MapListModule.swift */,
				2C829E202714A9E700FCCC35 /* MapListProtocols.swift */,
				2C829E162714A95E00FCCC35 /* MapListViewController.swift */,
				2C829E182714A96D00FCCC35 /* MapListPresenter.swift */,
				2C829E1A2714A97A00FCCC35 /* MapListInteractor.swift */,
				2C829E1C2714A98800FCCC35 /* MapListWireframe.swift */,
			);
			path = Map;
			sourceTree = "<group>";
		};
		2C605F182712E241001F028A /* Listing */ = {
			isa = PBXGroup;
			children = (
				2C605F19271309F0001F028A /* Views */,
				2C605F1C27130A18001F028A /* CarListModule.swift */,
				2C605F2627130F0E001F028A /* CarListProtocols.swift */,
				2C605F1A27130A01001F028A /* CarListViewController.swift */,
				2C605F1E27130A32001F028A /* CarListPresenter.swift */,
				2C605F2027130A41001F028A /* CarListInteractor.swift */,
				2C605F2227130A5B001F028A /* CarListWireframe.swift */,
				2C605F2E2713F329001F028A /* CarCellViewModels.swift */,
			);
			path = Listing;
			sourceTree = "<group>";
		};
		2C605F19271309F0001F028A /* Views */ = {
			isa = PBXGroup;
			children = (
				2C605F2A27131B59001F028A /* CarListTableCell.swift */,
				2C829E122714980700FCCC35 /* SeparatorTableCell.swift */,
			);
			path = Views;
			sourceTree = "<group>";
		};
/* End PBXGroup section */

/* Begin PBXNativeTarget section */
		2C605EBA2712A817001F028A /* CarListing */ = {
			isa = PBXNativeTarget;
			buildConfigurationList = 2C605EE52712A818001F028A /* Build configuration list for PBXNativeTarget "CarListing" */;
			buildPhases = (
				2C605EB72712A817001F028A /* Sources */,
				2C605EB82712A817001F028A /* Frameworks */,
				2C605EB92712A817001F028A /* Resources */,
			);
			buildRules = (
			);
			dependencies = (
			);
			name = CarListing;
			productName = CarListing;
			productReference = 2C605EBB2712A817001F028A /* CarListing.app */;
			productType = "com.apple.product-type.application";
		};
		2C605ED02712A818001F028A /* CarListingTests */ = {
			isa = PBXNativeTarget;
			buildConfigurationList = 2C605EE82712A818001F028A /* Build configuration list for PBXNativeTarget "CarListingTests" */;
			buildPhases = (
				2C605ECD2712A818001F028A /* Sources */,
				2C605ECE2712A818001F028A /* Frameworks */,
				2C605ECF2712A818001F028A /* Resources */,
			);
			buildRules = (
			);
			dependencies = (
				2C605ED32712A818001F028A /* PBXTargetDependency */,
			);
			name = CarListingTests;
			productName = CarListingTests;
			productReference = 2C605ED12712A818001F028A /* CarListingTests.xctest */;
			productType = "com.apple.product-type.bundle.unit-test";
		};
		2C605EDB2712A818001F028A /* CarListingUITests */ = {
			isa = PBXNativeTarget;
			buildConfigurationList = 2C605EEB2712A818001F028A /* Build configuration list for PBXNativeTarget "CarListingUITests" */;
			buildPhases = (
				2C605ED82712A818001F028A /* Sources */,
				2C605ED92712A818001F028A /* Frameworks */,
				2C605EDA2712A818001F028A /* Resources */,
			);
			buildRules = (
			);
			dependencies = (
				2C605EDE2712A818001F028A /* PBXTargetDependency */,
			);
			name = CarListingUITests;
			productName = CarListingUITests;
			productReference = 2C605EDC2712A818001F028A /* CarListingUITests.xctest */;
			productType = "com.apple.product-type.bundle.ui-testing";
		};
/* End PBXNativeTarget section */

/* Begin PBXProject section */
		2C605EB32712A817001F028A /* Project object */ = {
			isa = PBXProject;
			attributes = {
				LastSwiftUpdateCheck = 1250;
				LastUpgradeCheck = 1250;
				TargetAttributes = {
					2C605EBA2712A817001F028A = {
						CreatedOnToolsVersion = 12.5;
					};
					2C605ED02712A818001F028A = {
						CreatedOnToolsVersion = 12.5;
						TestTargetID = 2C605EBA2712A817001F028A;
					};
					2C605EDB2712A818001F028A = {
						CreatedOnToolsVersion = 12.5;
						TestTargetID = 2C605EBA2712A817001F028A;
					};
				};
			};
			buildConfigurationList = 2C605EB62712A817001F028A /* Build configuration list for PBXProject "CarListing" */;
			compatibilityVersion = "Xcode 9.3";
			developmentRegion = en;
			hasScannedForEncodings = 0;
			knownRegions = (
				en,
				Base,
			);
			mainGroup = 2C605EB22712A817001F028A;
			productRefGroup = 2C605EBC2712A817001F028A /* Products */;
			projectDirPath = "";
			projectRoot = "";
			targets = (
				2C605EBA2712A817001F028A /* CarListing */,
				2C605ED02712A818001F028A /* CarListingTests */,
				2C605EDB2712A818001F028A /* CarListingUITests */,
			);
		};
/* End PBXProject section */

/* Begin PBXResourcesBuildPhase section */
		2C605EB92712A817001F028A /* Resources */ = {
			isa = PBXResourcesBuildPhase;
			buildActionMask = 2147483647;
			files = (
				2C605ECB2712A818001F028A /* LaunchScreen.storyboard in Resources */,
				2C605EC82712A818001F028A /* Assets.xcassets in Resources */,
			);
			runOnlyForDeploymentPostprocessing = 0;
		};
		2C605ECF2712A818001F028A /* Resources */ = {
			isa = PBXResourcesBuildPhase;
			buildActionMask = 2147483647;
			files = (
			);
			runOnlyForDeploymentPostprocessing = 0;
		};
		2C605EDA2712A818001F028A /* Resources */ = {
			isa = PBXResourcesBuildPhase;
			buildActionMask = 2147483647;
			files = (
			);
			runOnlyForDeploymentPostprocessing = 0;
		};
/* End PBXResourcesBuildPhase section */

/* Begin PBXSourcesBuildPhase section */
		2C605EB72712A817001F028A /* Sources */ = {
			isa = PBXSourcesBuildPhase;
			buildActionMask = 2147483647;
			files = (
				2C829E172714A95E00FCCC35 /* MapListViewController.swift in Sources */,
				2C605F0B2712BB48001F028A /* JSONKeySnakeCaseDecoder.swift in Sources */,
				2C605F1F27130A32001F028A /* CarListPresenter.swift in Sources */,
				2C829E192714A96D00FCCC35 /* MapListPresenter.swift in Sources */,
				2C605F072712BB2F001F028A /* NetworkManager.swift in Sources */,
				2C605F122712C463001F028A /* CarService.swift in Sources */,
				2C829E1B2714A97A00FCCC35 /* MapListInteractor.swift in Sources */,
				2C605EFF2712B43D001F028A /* Dependencies.swift in Sources */,
				2C605EFB2712B426001F028A /* Wireframe.swift in Sources */,
				2C829E132714980700FCCC35 /* SeparatorTableCell.swift in Sources */,
				2C605F2927131027001F028A /* Interactor.swift in Sources */,
				2C605F2727130F0E001F028A /* CarListProtocols.swift in Sources */,
				2C829E1D2714A98800FCCC35 /* MapListWireframe.swift in Sources */,
				2C605F032712B6EC001F028A /* UIColor+Extensions.swift in Sources */,
				2C605F312713F696001F028A /* Collection+Extensions.swift in Sources */,
				2C605F2D27131B6C001F028A /* BaseTableCell.swift in Sources */,
				2C605F2127130A41001F028A /* CarListInteractor.swift in Sources */,
				2C605F1D27130A18001F028A /* CarListModule.swift in Sources */,
				2C829E212714A9E700FCCC35 /* MapListProtocols.swift in Sources */,
				2C605F0F2712BB64001F028A /* APIEndPoint.swift in Sources */,
				2C605F2527130E49001F028A /* UIView+Extensions.swift in Sources */,
				2C605F162712C498001F028A /* CarResponseModel.swift in Sources */,
				2C605F0D2712BB54001F028A /* APIError.swift in Sources */,
				2C829E1F2714A9CD00FCCC35 /* MapListModule.swift in Sources */,
				2C605F2B27131B59001F028A /* CarListTableCell.swift in Sources */,
				2C605F142712C485001F028A /* CarRequest.swift in Sources */,
				2C605EF92712B417001F028A /* Module.swift in Sources */,
				2C605F052712B8B5001F028A /* Reachability.swift in Sources */,
				2C605F2F2713F329001F028A /* CarCellViewModels.swift in Sources */,
				2C605EBF2712A817001F028A /* AppDelegate.swift in Sources */,
				2C605F092712BB3B001F028A /* NetworkingProtocols.swift in Sources */,
				2C605EFD2712B432001F028A /* Router.swift in Sources */,
				2C605F2327130A5B001F028A /* CarListWireframe.swift in Sources */,
				2C605F1B27130A01001F028A /* CarListViewController.swift in Sources */,
				2C605EC12712A817001F028A /* SceneDelegate.swift in Sources */,
			);
			runOnlyForDeploymentPostprocessing = 0;
		};
		2C605ECD2712A818001F028A /* Sources */ = {
			isa = PBXSourcesBuildPhase;
			buildActionMask = 2147483647;
			files = (
				2C605ED62712A818001F028A /* CarListingTests.swift in Sources */,
			);
			runOnlyForDeploymentPostprocessing = 0;
		};
		2C605ED82712A818001F028A /* Sources */ = {
			isa = PBXSourcesBuildPhase;
			buildActionMask = 2147483647;
			files = (
				2C605EE12712A818001F028A /* CarListingUITests.swift in Sources */,
			);
			runOnlyForDeploymentPostprocessing = 0;
		};
/* End PBXSourcesBuildPhase section */

/* Begin PBXTargetDependency section */
		2C605ED32712A818001F028A /* PBXTargetDependency */ = {
			isa = PBXTargetDependency;
			target = 2C605EBA2712A817001F028A /* CarListing */;
			targetProxy = 2C605ED22712A818001F028A /* PBXContainerItemProxy */;
		};
		2C605EDE2712A818001F028A /* PBXTargetDependency */ = {
			isa = PBXTargetDependency;
			target = 2C605EBA2712A817001F028A /* CarListing */;
			targetProxy = 2C605EDD2712A818001F028A /* PBXContainerItemProxy */;
		};
/* End PBXTargetDependency section */

/* Begin PBXVariantGroup section */
		2C605EC92712A818001F028A /* LaunchScreen.storyboard */ = {
			isa = PBXVariantGroup;
			children = (
				2C605ECA2712A818001F028A /* Base */,
			);
			name = LaunchScreen.storyboard;
			sourceTree = "<group>";
		};
/* End PBXVariantGroup section */

/* Begin XCBuildConfiguration section */
		2C605EE32712A818001F028A /* Debug */ = {
			isa = XCBuildConfiguration;
			buildSettings = {
				ALWAYS_SEARCH_USER_PATHS = NO;
				CLANG_ANALYZER_NONNULL = YES;
				CLANG_ANALYZER_NUMBER_OBJECT_CONVERSION = YES_AGGRESSIVE;
				CLANG_CXX_LANGUAGE_STANDARD = "gnu++14";
				CLANG_CXX_LIBRARY = "libc++";
				CLANG_ENABLE_MODULES = YES;
				CLANG_ENABLE_OBJC_ARC = YES;
				CLANG_ENABLE_OBJC_WEAK = YES;
				CLANG_WARN_BLOCK_CAPTURE_AUTORELEASING = YES;
				CLANG_WARN_BOOL_CONVERSION = YES;
				CLANG_WARN_COMMA = YES;
				CLANG_WARN_CONSTANT_CONVERSION = YES;
				CLANG_WARN_DEPRECATED_OBJC_IMPLEMENTATIONS = YES;
				CLANG_WARN_DIRECT_OBJC_ISA_USAGE = YES_ERROR;
				CLANG_WARN_DOCUMENTATION_COMMENTS = YES;
				CLANG_WARN_EMPTY_BODY = YES;
				CLANG_WARN_ENUM_CONVERSION = YES;
				CLANG_WARN_INFINITE_RECURSION = YES;
				CLANG_WARN_INT_CONVERSION = YES;
				CLANG_WARN_NON_LITERAL_NULL_CONVERSION = YES;
				CLANG_WARN_OBJC_IMPLICIT_RETAIN_SELF = YES;
				CLANG_WARN_OBJC_LITERAL_CONVERSION = YES;
				CLANG_WARN_OBJC_ROOT_CLASS = YES_ERROR;
				CLANG_WARN_QUOTED_INCLUDE_IN_FRAMEWORK_HEADER = YES;
				CLANG_WARN_RANGE_LOOP_ANALYSIS = YES;
				CLANG_WARN_STRICT_PROTOTYPES = YES;
				CLANG_WARN_SUSPICIOUS_MOVE = YES;
				CLANG_WARN_UNGUARDED_AVAILABILITY = YES_AGGRESSIVE;
				CLANG_WARN_UNREACHABLE_CODE = YES;
				CLANG_WARN__DUPLICATE_METHOD_MATCH = YES;
				COPY_PHASE_STRIP = NO;
				DEBUG_INFORMATION_FORMAT = dwarf;
				ENABLE_STRICT_OBJC_MSGSEND = YES;
				ENABLE_TESTABILITY = YES;
				GCC_C_LANGUAGE_STANDARD = gnu11;
				GCC_DYNAMIC_NO_PIC = NO;
				GCC_NO_COMMON_BLOCKS = YES;
				GCC_OPTIMIZATION_LEVEL = 0;
				GCC_PREPROCESSOR_DEFINITIONS = (
					"DEBUG=1",
					"$(inherited)",
				);
				GCC_WARN_64_TO_32_BIT_CONVERSION = YES;
				GCC_WARN_ABOUT_RETURN_TYPE = YES_ERROR;
				GCC_WARN_UNDECLARED_SELECTOR = YES;
				GCC_WARN_UNINITIALIZED_AUTOS = YES_AGGRESSIVE;
				GCC_WARN_UNUSED_FUNCTION = YES;
				GCC_WARN_UNUSED_VARIABLE = YES;
				IPHONEOS_DEPLOYMENT_TARGET = 14.5;
				MTL_ENABLE_DEBUG_INFO = INCLUDE_SOURCE;
				MTL_FAST_MATH = YES;
				ONLY_ACTIVE_ARCH = YES;
				SDKROOT = iphoneos;
				SWIFT_ACTIVE_COMPILATION_CONDITIONS = DEBUG;
				SWIFT_OPTIMIZATION_LEVEL = "-Onone";
			};
			name = Debug;
		};
		2C605EE42712A818001F028A /* Release */ = {
			isa = XCBuildConfiguration;
			buildSettings = {
				ALWAYS_SEARCH_USER_PATHS = NO;
				CLANG_ANALYZER_NONNULL = YES;
				CLANG_ANALYZER_NUMBER_OBJECT_CONVERSION = YES_AGGRESSIVE;
				CLANG_CXX_LANGUAGE_STANDARD = "gnu++14";
				CLANG_CXX_LIBRARY = "libc++";
				CLANG_ENABLE_MODULES = YES;
				CLANG_ENABLE_OBJC_ARC = YES;
				CLANG_ENABLE_OBJC_WEAK = YES;
				CLANG_WARN_BLOCK_CAPTURE_AUTORELEASING = YES;
				CLANG_WARN_BOOL_CONVERSION = YES;
				CLANG_WARN_COMMA = YES;
				CLANG_WARN_CONSTANT_CONVERSION = YES;
				CLANG_WARN_DEPRECATED_OBJC_IMPLEMENTATIONS = YES;
				CLANG_WARN_DIRECT_OBJC_ISA_USAGE = YES_ERROR;
				CLANG_WARN_DOCUMENTATION_COMMENTS = YES;
				CLANG_WARN_EMPTY_BODY = YES;
				CLANG_WARN_ENUM_CONVERSION = YES;
				CLANG_WARN_INFINITE_RECURSION = YES;
				CLANG_WARN_INT_CONVERSION = YES;
				CLANG_WARN_NON_LITERAL_NULL_CONVERSION = YES;
				CLANG_WARN_OBJC_IMPLICIT_RETAIN_SELF = YES;
				CLANG_WARN_OBJC_LITERAL_CONVERSION = YES;
				CLANG_WARN_OBJC_ROOT_CLASS = YES_ERROR;
				CLANG_WARN_QUOTED_INCLUDE_IN_FRAMEWORK_HEADER = YES;
				CLANG_WARN_RANGE_LOOP_ANALYSIS = YES;
				CLANG_WARN_STRICT_PROTOTYPES = YES;
				CLANG_WARN_SUSPICIOUS_MOVE = YES;
				CLANG_WARN_UNGUARDED_AVAILABILITY = YES_AGGRESSIVE;
				CLANG_WARN_UNREACHABLE_CODE = YES;
				CLANG_WARN__DUPLICATE_METHOD_MATCH = YES;
				COPY_PHASE_STRIP = NO;
				DEBUG_INFORMATION_FORMAT = "dwarf-with-dsym";
				ENABLE_NS_ASSERTIONS = NO;
				ENABLE_STRICT_OBJC_MSGSEND = YES;
				GCC_C_LANGUAGE_STANDARD = gnu11;
				GCC_NO_COMMON_BLOCKS = YES;
				GCC_WARN_64_TO_32_BIT_CONVERSION = YES;
				GCC_WARN_ABOUT_RETURN_TYPE = YES_ERROR;
				GCC_WARN_UNDECLARED_SELECTOR = YES;
				GCC_WARN_UNINITIALIZED_AUTOS = YES_AGGRESSIVE;
				GCC_WARN_UNUSED_FUNCTION = YES;
				GCC_WARN_UNUSED_VARIABLE = YES;
				IPHONEOS_DEPLOYMENT_TARGET = 14.5;
				MTL_ENABLE_DEBUG_INFO = NO;
				MTL_FAST_MATH = YES;
				SDKROOT = iphoneos;
				SWIFT_COMPILATION_MODE = wholemodule;
				SWIFT_OPTIMIZATION_LEVEL = "-O";
				VALIDATE_PRODUCT = YES;
			};
			name = Release;
		};
		2C605EE62712A818001F028A /* Debug */ = {
			isa = XCBuildConfiguration;
			buildSettings = {
				ASSETCATALOG_COMPILER_APPICON_NAME = AppIcon;
				ASSETCATALOG_COMPILER_GLOBAL_ACCENT_COLOR_NAME = AccentColor;
				CODE_SIGN_STYLE = Automatic;
				DEVELOPMENT_TEAM = B4G4Y5F4Y2;
				INFOPLIST_FILE = CarListing/Info.plist;
				LD_RUNPATH_SEARCH_PATHS = (
					"$(inherited)",
					"@executable_path/Frameworks",
				);
				PRODUCT_BUNDLE_IDENTIFIER = com.assignment.car.CarListing;
				PRODUCT_NAME = "$(TARGET_NAME)";
				SWIFT_VERSION = 5.0;
				TARGETED_DEVICE_FAMILY = "1,2";
			};
			name = Debug;
		};
		2C605EE72712A818001F028A /* Release */ = {
			isa = XCBuildConfiguration;
			buildSettings = {
				ASSETCATALOG_COMPILER_APPICON_NAME = AppIcon;
				ASSETCATALOG_COMPILER_GLOBAL_ACCENT_COLOR_NAME = AccentColor;
				CODE_SIGN_STYLE = Automatic;
				DEVELOPMENT_TEAM = B4G4Y5F4Y2;
				INFOPLIST_FILE = CarListing/Info.plist;
				LD_RUNPATH_SEARCH_PATHS = (
					"$(inherited)",
					"@executable_path/Frameworks",
				);
				PRODUCT_BUNDLE_IDENTIFIER = com.assignment.car.CarListing;
				PRODUCT_NAME = "$(TARGET_NAME)";
				SWIFT_VERSION = 5.0;
				TARGETED_DEVICE_FAMILY = "1,2";
			};
			name = Release;
		};
		2C605EE92712A818001F028A /* Debug */ = {
			isa = XCBuildConfiguration;
			buildSettings = {
				ALWAYS_EMBED_SWIFT_STANDARD_LIBRARIES = YES;
				BUNDLE_LOADER = "$(TEST_HOST)";
				CODE_SIGN_STYLE = Automatic;
				DEVELOPMENT_TEAM = B4G4Y5F4Y2;
				INFOPLIST_FILE = CarListingTests/Info.plist;
				IPHONEOS_DEPLOYMENT_TARGET = 14.5;
				LD_RUNPATH_SEARCH_PATHS = (
					"$(inherited)",
					"@executable_path/Frameworks",
					"@loader_path/Frameworks",
				);
				PRODUCT_BUNDLE_IDENTIFIER = com.assignment.car.CarListingTests;
				PRODUCT_NAME = "$(TARGET_NAME)";
				SWIFT_VERSION = 5.0;
				TARGETED_DEVICE_FAMILY = "1,2";
				TEST_HOST = "$(BUILT_PRODUCTS_DIR)/CarListing.app/CarListing";
			};
			name = Debug;
		};
		2C605EEA2712A818001F028A /* Release */ = {
			isa = XCBuildConfiguration;
			buildSettings = {
				ALWAYS_EMBED_SWIFT_STANDARD_LIBRARIES = YES;
				BUNDLE_LOADER = "$(TEST_HOST)";
				CODE_SIGN_STYLE = Automatic;
				DEVELOPMENT_TEAM = B4G4Y5F4Y2;
				INFOPLIST_FILE = CarListingTests/Info.plist;
				IPHONEOS_DEPLOYMENT_TARGET = 14.5;
				LD_RUNPATH_SEARCH_PATHS = (
					"$(inherited)",
					"@executable_path/Frameworks",
					"@loader_path/Frameworks",
				);
				PRODUCT_BUNDLE_IDENTIFIER = com.assignment.car.CarListingTests;
				PRODUCT_NAME = "$(TARGET_NAME)";
				SWIFT_VERSION = 5.0;
				TARGETED_DEVICE_FAMILY = "1,2";
				TEST_HOST = "$(BUILT_PRODUCTS_DIR)/CarListing.app/CarListing";
			};
			name = Release;
		};
		2C605EEC2712A818001F028A /* Debug */ = {
			isa = XCBuildConfiguration;
			buildSettings = {
				ALWAYS_EMBED_SWIFT_STANDARD_LIBRARIES = YES;
				CODE_SIGN_STYLE = Automatic;
				DEVELOPMENT_TEAM = B4G4Y5F4Y2;
				INFOPLIST_FILE = CarListingUITests/Info.plist;
				LD_RUNPATH_SEARCH_PATHS = (
					"$(inherited)",
					"@executable_path/Frameworks",
					"@loader_path/Frameworks",
				);
				PRODUCT_BUNDLE_IDENTIFIER = com.assignment.car.CarListingUITests;
				PRODUCT_NAME = "$(TARGET_NAME)";
				SWIFT_VERSION = 5.0;
				TARGETED_DEVICE_FAMILY = "1,2";
				TEST_TARGET_NAME = CarListing;
			};
			name = Debug;
		};
		2C605EED2712A818001F028A /* Release */ = {
			isa = XCBuildConfiguration;
			buildSettings = {
				ALWAYS_EMBED_SWIFT_STANDARD_LIBRARIES = YES;
				CODE_SIGN_STYLE = Automatic;
				DEVELOPMENT_TEAM = B4G4Y5F4Y2;
				INFOPLIST_FILE = CarListingUITests/Info.plist;
				LD_RUNPATH_SEARCH_PATHS = (
					"$(inherited)",
					"@executable_path/Frameworks",
					"@loader_path/Frameworks",
				);
				PRODUCT_BUNDLE_IDENTIFIER = com.assignment.car.CarListingUITests;
				PRODUCT_NAME = "$(TARGET_NAME)";
				SWIFT_VERSION = 5.0;
				TARGETED_DEVICE_FAMILY = "1,2";
				TEST_TARGET_NAME = CarListing;
			};
			name = Release;
		};
/* End XCBuildConfiguration section */

/* Begin XCConfigurationList section */
		2C605EB62712A817001F028A /* Build configuration list for PBXProject "CarListing" */ = {
			isa = XCConfigurationList;
			buildConfigurations = (
				2C605EE32712A818001F028A /* Debug */,
				2C605EE42712A818001F028A /* Release */,
			);
			defaultConfigurationIsVisible = 0;
			defaultConfigurationName = Release;
		};
		2C605EE52712A818001F028A /* Build configuration list for PBXNativeTarget "CarListing" */ = {
			isa = XCConfigurationList;
			buildConfigurations = (
				2C605EE62712A818001F028A /* Debug */,
				2C605EE72712A818001F028A /* Release */,
			);
			defaultConfigurationIsVisible = 0;
			defaultConfigurationName = Release;
		};
		2C605EE82712A818001F028A /* Build configuration list for PBXNativeTarget "CarListingTests" */ = {
			isa = XCConfigurationList;
			buildConfigurations = (
				2C605EE92712A818001F028A /* Debug */,
				2C605EEA2712A818001F028A /* Release */,
			);
			defaultConfigurationIsVisible = 0;
			defaultConfigurationName = Release;
		};
		2C605EEB2712A818001F028A /* Build configuration list for PBXNativeTarget "CarListingUITests" */ = {
			isa = XCConfigurationList;
			buildConfigurations = (
				2C605EEC2712A818001F028A /* Debug */,
				2C605EED2712A818001F028A /* Release */,
			);
			defaultConfigurationIsVisible = 0;
			defaultConfigurationName = Release;
		};
/* End XCConfigurationList section */
	};
	rootObject = 2C605EB32712A817001F028A /* Project object */;
}
